
Microsoft Visual Studio Solution File, Format Version 12.00
# Visual Studio 14
VisualStudioVersion = 14.0.24720.0
MinimumVisualStudioVersion = 10.0.40219.1
Project("{262852C6-CD72-467D-83FE-5EEB1973A190}") = "Ionic.CookBook.NestedTabView", "..\Route\Ionic.CookBook.NestedTabView.jsproj", "{DF43CEEF-AFFB-4E44-841A-5C28376D8F75}"
EndProject
Project("{262852C6-CD72-467D-83FE-5EEB1973A190}") = "Ionic.Nested.View", "Ionic.Nested.View\Ionic.Nested.View.jsproj", "{B988E3F6-AF92-4454-B725-39894651B218}"
EndProject
Project("{262852C6-CD72-467D-83FE-5EEB1973A190}") = "Ionic.Cookbook.MultiStepForm", "..\MultistepForm\Ionic.Cookbook.MultiStepForm.jsproj", "{E2A1FF3E-D35D-486E-8698-C7BAA25D5142}"
EndProject
Project("{262852C6-CD72-467D-83FE-5EEB1973A190}") = "Ionic.Cookbook.Camera", "..\Camera\Ionic.Cookbook.Camera.jsproj", "{7B72428E-267A-4E8B-B726-E3DA6FD748B9}"
EndProject
Project("{262852C6-CD72-467D-83FE-5EEB1973A190}") = "Ionic.Cookbook.Plugin.Contacts", "..\Contacts\Ionic.Cookbook.Plugin.Contacts.jsproj", "{87A01BDF-1FCB-4C98-9A46-01D07DE72AEA}"
EndProject
Project("{262852C6-CD72-467D-83FE-5EEB1973A190}") = "Ionic.Cookbook.Plugin.GoogleMaps", "..\GoogleMaps\Ionic.Cookbook.Plugin.GoogleMaps.jsproj", "{D7820CC6-1B89-4B22-BDD7-50A7F403ABFB}"
EndProject
Project("{262852C6-CD72-467D-83FE-5EEB1973A190}") = "Ionic.Cookbook.LocalStorage", "..\LocalStorage\Ionic.Cookbook.LocalStorage.jsproj", "{17E064D0-EC84-4421-AC7F-39061450348A}"
EndProject
Project("{262852C6-CD72-467D-83FE-5EEB1973A190}") = "Ionic.Cookbook.SqlLite", "..\SQLite\Ionic.Cookbook.SqlLite.jsproj", "{6701DB95-2F24-494B-8DA2-B1A6ECD416AD}"
EndProject
Project("{262852C6-CD72-467D-83FE-5EEB1973A190}") = "Ionic.Cookbook.Theme", "..\Theme\Ionic.Cookbook.Theme.jsproj", "{4B5D0C74-B620-4D26-8F48-82F413E853AA}"
EndProject
Project("{262852C6-CD72-467D-83FE-5EEB1973A190}") = "Ionic.Cookbook.SplasScreen", "..\Intro\Ionic.Cookbook.SplasScreen.jsproj", "{9DF6AF42-A22D-41D6-9140-A3DF4FEDD426}"
EndProject
Project("{262852C6-CD72-467D-83FE-5EEB1973A190}") = "Ionic.Cookbook.ZoomOnScroll", "..\ZoomOnScroll\Ionic.Cookbook.ZoomOnScroll.jsproj", "{598800A7-CEB4-4C0A-AC40-F934CB751447}"
EndProject
Project("{262852C6-CD72-467D-83FE-5EEB1973A190}") = "Ionic.Cookbook.SocialAuth", "..\SocialAuth\Ionic.Cookbook.SocialAuth.jsproj", "{E7468214-DE09-4834-8761-ED1A362481DB}"
EndProject
Project("{262852C6-CD72-467D-83FE-5EEB1973A190}") = "Ionic.Cookbook.FireBaseBackend", "..\firebase-ionic\Ionic.Cookbook.FireBaseBackend.jsproj", "{C2271CB5-C971-4DA9-AB2B-CB193FE9717D}"
EndProject
Project("{262852C6-CD72-467D-83FE-5EEB1973A190}") = "Ionic.Cookbook.FireBaseFormData", "..\firebase-ionic-form\Ionic.Cookbook.FireBaseFormData.jsproj", "{F88E7D19-DD6E-4A8C-8631-9F68AD92639E}"
EndProject
Global
	GlobalSection(SolutionConfigurationPlatforms) = preSolution
		Debug|Android = Debug|Android
		Debug|iOS = Debug|iOS
		Debug|Windows Phone (Universal) = Debug|Windows Phone (Universal)
		Debug|Windows Phone 8 = Debug|Windows Phone 8
		Debug|Windows-AnyCPU = Debug|Windows-AnyCPU
		Debug|Windows-ARM = Debug|Windows-ARM
		Debug|Windows-x64 = Debug|Windows-x64
		Debug|Windows-x86 = Debug|Windows-x86
		Release|Android = Release|Android
		Release|iOS = Release|iOS
		Release|Windows Phone (Universal) = Release|Windows Phone (Universal)
		Release|Windows Phone 8 = Release|Windows Phone 8
		Release|Windows-AnyCPU = Release|Windows-AnyCPU
		Release|Windows-ARM = Release|Windows-ARM
		Release|Windows-x64 = Release|Windows-x64
		Release|Windows-x86 = Release|Windows-x86
	EndGlobalSection
	GlobalSection(ProjectConfigurationPlatforms) = postSolution
		{DF43CEEF-AFFB-4E44-841A-5C28376D8F75}.Debug|Android.ActiveCfg = Debug|Android
		{DF43CEEF-AFFB-4E44-841A-5C28376D8F75}.Debug|Android.Build.0 = Debug|Android
		{DF43CEEF-AFFB-4E44-841A-5C28376D8F75}.Debug|Android.Deploy.0 = Debug|Android
		{DF43CEEF-AFFB-4E44-841A-5C28376D8F75}.Debug|iOS.ActiveCfg = Debug|iOS
		{DF43CEEF-AFFB-4E44-841A-5C28376D8F75}.Debug|iOS.Build.0 = Debug|iOS
		{DF43CEEF-AFFB-4E44-841A-5C28376D8F75}.Debug|iOS.Deploy.0 = Debug|iOS
		{DF43CEEF-AFFB-4E44-841A-5C28376D8F75}.Debug|Windows Phone (Universal).ActiveCfg = Debug|Windows Phone (Universal)
		{DF43CEEF-AFFB-4E44-841A-5C28376D8F75}.Debug|Windows Phone (Universal).Build.0 = Debug|Windows Phone (Universal)
		{DF43CEEF-AFFB-4E44-841A-5C28376D8F75}.Debug|Windows Phone (Universal).Deploy.0 = Debug|Windows Phone (Universal)
		{DF43CEEF-AFFB-4E44-841A-5C28376D8F75}.Debug|Windows Phone 8.ActiveCfg = Debug|Windows Phone 8
		{DF43CEEF-AFFB-4E44-841A-5C28376D8F75}.Debug|Windows Phone 8.Build.0 = Debug|Windows Phone 8
		{DF43CEEF-AFFB-4E44-841A-5C28376D8F75}.Debug|Windows Phone 8.Deploy.0 = Debug|Windows Phone 8
		{DF43CEEF-AFFB-4E44-841A-5C28376D8F75}.Debug|Windows-AnyCPU.ActiveCfg = Debug|Windows-AnyCPU
		{DF43CEEF-AFFB-4E44-841A-5C28376D8F75}.Debug|Windows-AnyCPU.Build.0 = Debug|Windows-AnyCPU
		{DF43CEEF-AFFB-4E44-841A-5C28376D8F75}.Debug|Windows-AnyCPU.Deploy.0 = Debug|Windows-AnyCPU
		{DF43CEEF-AFFB-4E44-841A-5C28376D8F75}.Debug|Windows-ARM.ActiveCfg = Debug|Windows-ARM
		{DF43CEEF-AFFB-4E44-841A-5C28376D8F75}.Debug|Windows-ARM.Build.0 = Debug|Windows-ARM
		{DF43CEEF-AFFB-4E44-841A-5C28376D8F75}.Debug|Windows-ARM.Deploy.0 = Debug|Windows-ARM
		{DF43CEEF-AFFB-4E44-841A-5C28376D8F75}.Debug|Windows-x64.ActiveCfg = Debug|Windows-x64
		{DF43CEEF-AFFB-4E44-841A-5C28376D8F75}.Debug|Windows-x64.Build.0 = Debug|Windows-x64
		{DF43CEEF-AFFB-4E44-841A-5C28376D8F75}.Debug|Windows-x64.Deploy.0 = Debug|Windows-x64
		{DF43CEEF-AFFB-4E44-841A-5C28376D8F75}.Debug|Windows-x86.ActiveCfg = Debug|Windows-x86
		{DF43CEEF-AFFB-4E44-841A-5C28376D8F75}.Debug|Windows-x86.Build.0 = Debug|Windows-x86
		{DF43CEEF-AFFB-4E44-841A-5C28376D8F75}.Debug|Windows-x86.Deploy.0 = Debug|Windows-x86
		{DF43CEEF-AFFB-4E44-841A-5C28376D8F75}.Release|Android.ActiveCfg = Release|Android
		{DF43CEEF-AFFB-4E44-841A-5C28376D8F75}.Release|Android.Build.0 = Release|Android
		{DF43CEEF-AFFB-4E44-841A-5C28376D8F75}.Release|Android.Deploy.0 = Release|Android
		{DF43CEEF-AFFB-4E44-841A-5C28376D8F75}.Release|iOS.ActiveCfg = Release|iOS
		{DF43CEEF-AFFB-4E44-841A-5C28376D8F75}.Release|iOS.Build.0 = Release|iOS
		{DF43CEEF-AFFB-4E44-841A-5C28376D8F75}.Release|iOS.Deploy.0 = Release|iOS
		{DF43CEEF-AFFB-4E44-841A-5C28376D8F75}.Release|Windows Phone (Universal).ActiveCfg = Release|Windows Phone (Universal)
		{DF43CEEF-AFFB-4E44-841A-5C28376D8F75}.Release|Windows Phone (Universal).Build.0 = Release|Windows Phone (Universal)
		{DF43CEEF-AFFB-4E44-841A-5C28376D8F75}.Release|Windows Phone (Universal).Deploy.0 = Release|Windows Phone (Universal)
		{DF43CEEF-AFFB-4E44-841A-5C28376D8F75}.Release|Windows Phone 8.ActiveCfg = Release|Windows Phone 8
		{DF43CEEF-AFFB-4E44-841A-5C28376D8F75}.Release|Windows Phone 8.Build.0 = Release|Windows Phone 8
		{DF43CEEF-AFFB-4E44-841A-5C28376D8F75}.Release|Windows Phone 8.Deploy.0 = Release|Windows Phone 8
		{DF43CEEF-AFFB-4E44-841A-5C28376D8F75}.Release|Windows-AnyCPU.ActiveCfg = Release|Windows-AnyCPU
		{DF43CEEF-AFFB-4E44-841A-5C28376D8F75}.Release|Windows-AnyCPU.Build.0 = Release|Windows-AnyCPU
		{DF43CEEF-AFFB-4E44-841A-5C28376D8F75}.Release|Windows-AnyCPU.Deploy.0 = Release|Windows-AnyCPU
		{DF43CEEF-AFFB-4E44-841A-5C28376D8F75}.Release|Windows-ARM.ActiveCfg = Release|Windows-ARM
		{DF43CEEF-AFFB-4E44-841A-5C28376D8F75}.Release|Windows-ARM.Build.0 = Release|Windows-ARM
		{DF43CEEF-AFFB-4E44-841A-5C28376D8F75}.Release|Windows-ARM.Deploy.0 = Release|Windows-ARM
		{DF43CEEF-AFFB-4E44-841A-5C28376D8F75}.Release|Windows-x64.ActiveCfg = Release|Windows-x64
		{DF43CEEF-AFFB-4E44-841A-5C28376D8F75}.Release|Windows-x64.Build.0 = Release|Windows-x64
		{DF43CEEF-AFFB-4E44-841A-5C28376D8F75}.Release|Windows-x64.Deploy.0 = Release|Windows-x64
		{DF43CEEF-AFFB-4E44-841A-5C28376D8F75}.Release|Windows-x86.ActiveCfg = Release|Windows-x86
		{DF43CEEF-AFFB-4E44-841A-5C28376D8F75}.Release|Windows-x86.Build.0 = Release|Windows-x86
		{DF43CEEF-AFFB-4E44-841A-5C28376D8F75}.Release|Windows-x86.Deploy.0 = Release|Windows-x86
		{B988E3F6-AF92-4454-B725-39894651B218}.Debug|Android.ActiveCfg = Debug|Android
		{B988E3F6-AF92-4454-B725-39894651B218}.Debug|Android.Build.0 = Debug|Android
		{B988E3F6-AF92-4454-B725-39894651B218}.Debug|Android.Deploy.0 = Debug|Android
		{B988E3F6-AF92-4454-B725-39894651B218}.Debug|iOS.ActiveCfg = Debug|iOS
		{B988E3F6-AF92-4454-B725-39894651B218}.Debug|iOS.Build.0 = Debug|iOS
		{B988E3F6-AF92-4454-B725-39894651B218}.Debug|iOS.Deploy.0 = Debug|iOS
		{B988E3F6-AF92-4454-B725-39894651B218}.Debug|Windows Phone (Universal).ActiveCfg = Debug|Windows Phone (Universal)
		{B988E3F6-AF92-4454-B725-39894651B218}.Debug|Windows Phone (Universal).Build.0 = Debug|Windows Phone (Universal)
		{B988E3F6-AF92-4454-B725-39894651B218}.Debug|Windows Phone (Universal).Deploy.0 = Debug|Windows Phone (Universal)
		{B988E3F6-AF92-4454-B725-39894651B218}.Debug|Windows Phone 8.ActiveCfg = Debug|Windows Phone 8
		{B988E3F6-AF92-4454-B725-39894651B218}.Debug|Windows Phone 8.Build.0 = Debug|Windows Phone 8
		{B988E3F6-AF92-4454-B725-39894651B218}.Debug|Windows Phone 8.Deploy.0 = Debug|Windows Phone 8
		{B988E3F6-AF92-4454-B725-39894651B218}.Debug|Windows-AnyCPU.ActiveCfg = Debug|Windows-AnyCPU
		{B988E3F6-AF92-4454-B725-39894651B218}.Debug|Windows-AnyCPU.Build.0 = Debug|Windows-AnyCPU
		{B988E3F6-AF92-4454-B725-39894651B218}.Debug|Windows-AnyCPU.Deploy.0 = Debug|Windows-AnyCPU
		{B988E3F6-AF92-4454-B725-39894651B218}.Debug|Windows-ARM.ActiveCfg = Debug|Windows-ARM
		{B988E3F6-AF92-4454-B725-39894651B218}.Debug|Windows-ARM.Build.0 = Debug|Windows-ARM
		{B988E3F6-AF92-4454-B725-39894651B218}.Debug|Windows-ARM.Deploy.0 = Debug|Windows-ARM
		{B988E3F6-AF92-4454-B725-39894651B218}.Debug|Windows-x64.ActiveCfg = Debug|Windows-x64
		{B988E3F6-AF92-4454-B725-39894651B218}.Debug|Windows-x64.Build.0 = Debug|Windows-x64
		{B988E3F6-AF92-4454-B725-39894651B218}.Debug|Windows-x64.Deploy.0 = Debug|Windows-x64
		{B988E3F6-AF92-4454-B725-39894651B218}.Debug|Windows-x86.ActiveCfg = Debug|Windows-x86
		{B988E3F6-AF92-4454-B725-39894651B218}.Debug|Windows-x86.Build.0 = Debug|Windows-x86
		{B988E3F6-AF92-4454-B725-39894651B218}.Debug|Windows-x86.Deploy.0 = Debug|Windows-x86
		{B988E3F6-AF92-4454-B725-39894651B218}.Release|Android.ActiveCfg = Release|Android
		{B988E3F6-AF92-4454-B725-39894651B218}.Release|Android.Build.0 = Release|Android
		{B988E3F6-AF92-4454-B725-39894651B218}.Release|Android.Deploy.0 = Release|Android
		{B988E3F6-AF92-4454-B725-39894651B218}.Release|iOS.ActiveCfg = Release|iOS
		{B988E3F6-AF92-4454-B725-39894651B218}.Release|iOS.Build.0 = Release|iOS
		{B988E3F6-AF92-4454-B725-39894651B218}.Release|iOS.Deploy.0 = Release|iOS
		{B988E3F6-AF92-4454-B725-39894651B218}.Release|Windows Phone (Universal).ActiveCfg = Release|Windows Phone (Universal)
		{B988E3F6-AF92-4454-B725-39894651B218}.Release|Windows Phone (Universal).Build.0 = Release|Windows Phone (Universal)
		{B988E3F6-AF92-4454-B725-39894651B218}.Release|Windows Phone (Universal).Deploy.0 = Release|Windows Phone (Universal)
		{B988E3F6-AF92-4454-B725-39894651B218}.Release|Windows Phone 8.ActiveCfg = Release|Windows Phone 8
		{B988E3F6-AF92-4454-B725-39894651B218}.Release|Windows Phone 8.Build.0 = Release|Windows Phone 8
		{B988E3F6-AF92-4454-B725-39894651B218}.Release|Windows Phone 8.Deploy.0 = Release|Windows Phone 8
		{B988E3F6-AF92-4454-B725-39894651B218}.Release|Windows-AnyCPU.ActiveCfg = Release|Windows-AnyCPU
		{B988E3F6-AF92-4454-B725-39894651B218}.Release|Windows-AnyCPU.Build.0 = Release|Windows-AnyCPU
		{B988E3F6-AF92-4454-B725-39894651B218}.Release|Windows-AnyCPU.Deploy.0 = Release|Windows-AnyCPU
		{B988E3F6-AF92-4454-B725-39894651B218}.Release|Windows-ARM.ActiveCfg = Release|Windows-ARM
		{B988E3F6-AF92-4454-B725-39894651B218}.Release|Windows-ARM.Build.0 = Release|Windows-ARM
		{B988E3F6-AF92-4454-B725-39894651B218}.Release|Windows-ARM.Deploy.0 = Release|Windows-ARM
		{B988E3F6-AF92-4454-B725-39894651B218}.Release|Windows-x64.ActiveCfg = Release|Windows-x64
		{B988E3F6-AF92-4454-B725-39894651B218}.Release|Windows-x64.Build.0 = Release|Windows-x64
		{B988E3F6-AF92-4454-B725-39894651B218}.Release|Windows-x64.Deploy.0 = Release|Windows-x64
		{B988E3F6-AF92-4454-B725-39894651B218}.Release|Windows-x86.ActiveCfg = Release|Windows-x86
		{B988E3F6-AF92-4454-B725-39894651B218}.Release|Windows-x86.Build.0 = Release|Windows-x86
		{B988E3F6-AF92-4454-B725-39894651B218}.Release|Windows-x86.Deploy.0 = Release|Windows-x86
		{E2A1FF3E-D35D-486E-8698-C7BAA25D5142}.Debug|Android.ActiveCfg = Debug|Android
		{E2A1FF3E-D35D-486E-8698-C7BAA25D5142}.Debug|Android.Build.0 = Debug|Android
		{E2A1FF3E-D35D-486E-8698-C7BAA25D5142}.Debug|Android.Deploy.0 = Debug|Android
		{E2A1FF3E-D35D-486E-8698-C7BAA25D5142}.Debug|iOS.ActiveCfg = Debug|iOS
		{E2A1FF3E-D35D-486E-8698-C7BAA25D5142}.Debug|iOS.Build.0 = Debug|iOS
		{E2A1FF3E-D35D-486E-8698-C7BAA25D5142}.Debug|iOS.Deploy.0 = Debug|iOS
		{E2A1FF3E-D35D-486E-8698-C7BAA25D5142}.Debug|Windows Phone (Universal).ActiveCfg = Debug|Windows Phone (Universal)
		{E2A1FF3E-D35D-486E-8698-C7BAA25D5142}.Debug|Windows Phone (Universal).Build.0 = Debug|Windows Phone (Universal)
		{E2A1FF3E-D35D-486E-8698-C7BAA25D5142}.Debug|Windows Phone (Universal).Deploy.0 = Debug|Windows Phone (Universal)
		{E2A1FF3E-D35D-486E-8698-C7BAA25D5142}.Debug|Windows Phone 8.ActiveCfg = Debug|Windows Phone 8
		{E2A1FF3E-D35D-486E-8698-C7BAA25D5142}.Debug|Windows Phone 8.Build.0 = Debug|Windows Phone 8
		{E2A1FF3E-D35D-486E-8698-C7BAA25D5142}.Debug|Windows Phone 8.Deploy.0 = Debug|Windows Phone 8
		{E2A1FF3E-D35D-486E-8698-C7BAA25D5142}.Debug|Windows-AnyCPU.ActiveCfg = Debug|Windows-AnyCPU
		{E2A1FF3E-D35D-486E-8698-C7BAA25D5142}.Debug|Windows-AnyCPU.Build.0 = Debug|Windows-AnyCPU
		{E2A1FF3E-D35D-486E-8698-C7BAA25D5142}.Debug|Windows-AnyCPU.Deploy.0 = Debug|Windows-AnyCPU
		{E2A1FF3E-D35D-486E-8698-C7BAA25D5142}.Debug|Windows-ARM.ActiveCfg = Debug|Windows-ARM
		{E2A1FF3E-D35D-486E-8698-C7BAA25D5142}.Debug|Windows-ARM.Build.0 = Debug|Windows-ARM
		{E2A1FF3E-D35D-486E-8698-C7BAA25D5142}.Debug|Windows-ARM.Deploy.0 = Debug|Windows-ARM
		{E2A1FF3E-D35D-486E-8698-C7BAA25D5142}.Debug|Windows-x64.ActiveCfg = Debug|Windows-x64
		{E2A1FF3E-D35D-486E-8698-C7BAA25D5142}.Debug|Windows-x64.Build.0 = Debug|Windows-x64
		{E2A1FF3E-D35D-486E-8698-C7BAA25D5142}.Debug|Windows-x64.Deploy.0 = Debug|Windows-x64
		{E2A1FF3E-D35D-486E-8698-C7BAA25D5142}.Debug|Windows-x86.ActiveCfg = Debug|Windows-x86
		{E2A1FF3E-D35D-486E-8698-C7BAA25D5142}.Debug|Windows-x86.Build.0 = Debug|Windows-x86
		{E2A1FF3E-D35D-486E-8698-C7BAA25D5142}.Debug|Windows-x86.Deploy.0 = Debug|Windows-x86
		{E2A1FF3E-D35D-486E-8698-C7BAA25D5142}.Release|Android.ActiveCfg = Release|Android
		{E2A1FF3E-D35D-486E-8698-C7BAA25D5142}.Release|Android.Build.0 = Release|Android
		{E2A1FF3E-D35D-486E-8698-C7BAA25D5142}.Release|Android.Deploy.0 = Release|Android
		{E2A1FF3E-D35D-486E-8698-C7BAA25D5142}.Release|iOS.ActiveCfg = Release|iOS
		{E2A1FF3E-D35D-486E-8698-C7BAA25D5142}.Release|iOS.Build.0 = Release|iOS
		{E2A1FF3E-D35D-486E-8698-C7BAA25D5142}.Release|iOS.Deploy.0 = Release|iOS
		{E2A1FF3E-D35D-486E-8698-C7BAA25D5142}.Release|Windows Phone (Universal).ActiveCfg = Release|Windows Phone (Universal)
		{E2A1FF3E-D35D-486E-8698-C7BAA25D5142}.Release|Windows Phone (Universal).Build.0 = Release|Windows Phone (Universal)
		{E2A1FF3E-D35D-486E-8698-C7BAA25D5142}.Release|Windows Phone (Universal).Deploy.0 = Release|Windows Phone (Universal)
		{E2A1FF3E-D35D-486E-8698-C7BAA25D5142}.Release|Windows Phone 8.ActiveCfg = Release|Windows Phone 8
		{E2A1FF3E-D35D-486E-8698-C7BAA25D5142}.Release|Windows Phone 8.Build.0 = Release|Windows Phone 8
		{E2A1FF3E-D35D-486E-8698-C7BAA25D5142}.Release|Windows Phone 8.Deploy.0 = Release|Windows Phone 8
		{E2A1FF3E-D35D-486E-8698-C7BAA25D5142}.Release|Windows-AnyCPU.ActiveCfg = Release|Windows-AnyCPU
		{E2A1FF3E-D35D-486E-8698-C7BAA25D5142}.Release|Windows-AnyCPU.Build.0 = Release|Windows-AnyCPU
		{E2A1FF3E-D35D-486E-8698-C7BAA25D5142}.Release|Windows-AnyCPU.Deploy.0 = Release|Windows-AnyCPU
		{E2A1FF3E-D35D-486E-8698-C7BAA25D5142}.Release|Windows-ARM.ActiveCfg = Release|Windows-ARM
		{E2A1FF3E-D35D-486E-8698-C7BAA25D5142}.Release|Windows-ARM.Build.0 = Release|Windows-ARM
		{E2A1FF3E-D35D-486E-8698-C7BAA25D5142}.Release|Windows-ARM.Deploy.0 = Release|Windows-ARM
		{E2A1FF3E-D35D-486E-8698-C7BAA25D5142}.Release|Windows-x64.ActiveCfg = Release|Windows-x64
		{E2A1FF3E-D35D-486E-8698-C7BAA25D5142}.Release|Windows-x64.Build.0 = Release|Windows-x64
		{E2A1FF3E-D35D-486E-8698-C7BAA25D5142}.Release|Windows-x64.Deploy.0 = Release|Windows-x64
		{E2A1FF3E-D35D-486E-8698-C7BAA25D5142}.Release|Windows-x86.ActiveCfg = Release|Windows-x86
		{E2A1FF3E-D35D-486E-8698-C7BAA25D5142}.Release|Windows-x86.Build.0 = Release|Windows-x86
		{E2A1FF3E-D35D-486E-8698-C7BAA25D5142}.Release|Windows-x86.Deploy.0 = Release|Windows-x86
		{7B72428E-267A-4E8B-B726-E3DA6FD748B9}.Debug|Android.ActiveCfg = Debug|Android
		{7B72428E-267A-4E8B-B726-E3DA6FD748B9}.Debug|Android.Build.0 = Debug|Android
		{7B72428E-267A-4E8B-B726-E3DA6FD748B9}.Debug|Android.Deploy.0 = Debug|Android
		{7B72428E-267A-4E8B-B726-E3DA6FD748B9}.Debug|iOS.ActiveCfg = Debug|iOS
		{7B72428E-267A-4E8B-B726-E3DA6FD748B9}.Debug|iOS.Build.0 = Debug|iOS
		{7B72428E-267A-4E8B-B726-E3DA6FD748B9}.Debug|iOS.Deploy.0 = Debug|iOS
		{7B72428E-267A-4E8B-B726-E3DA6FD748B9}.Debug|Windows Phone (Universal).ActiveCfg = Debug|Windows Phone (Universal)
		{7B72428E-267A-4E8B-B726-E3DA6FD748B9}.Debug|Windows Phone (Universal).Build.0 = Debug|Windows Phone (Universal)
		{7B72428E-267A-4E8B-B726-E3DA6FD748B9}.Debug|Windows Phone (Universal).Deploy.0 = Debug|Windows Phone (Universal)
		{7B72428E-267A-4E8B-B726-E3DA6FD748B9}.Debug|Windows Phone 8.ActiveCfg = Debug|Windows Phone 8
		{7B72428E-267A-4E8B-B726-E3DA6FD748B9}.Debug|Windows Phone 8.Build.0 = Debug|Windows Phone 8
		{7B72428E-267A-4E8B-B726-E3DA6FD748B9}.Debug|Windows Phone 8.Deploy.0 = Debug|Windows Phone 8
		{7B72428E-267A-4E8B-B726-E3DA6FD748B9}.Debug|Windows-AnyCPU.ActiveCfg = Debug|Windows-AnyCPU
		{7B72428E-267A-4E8B-B726-E3DA6FD748B9}.Debug|Windows-AnyCPU.Build.0 = Debug|Windows-AnyCPU
		{7B72428E-267A-4E8B-B726-E3DA6FD748B9}.Debug|Windows-AnyCPU.Deploy.0 = Debug|Windows-AnyCPU
		{7B72428E-267A-4E8B-B726-E3DA6FD748B9}.Debug|Windows-ARM.ActiveCfg = Debug|Windows-ARM
		{7B72428E-267A-4E8B-B726-E3DA6FD748B9}.Debug|Windows-ARM.Build.0 = Debug|Windows-ARM
		{7B72428E-267A-4E8B-B726-E3DA6FD748B9}.Debug|Windows-ARM.Deploy.0 = Debug|Windows-ARM
		{7B72428E-267A-4E8B-B726-E3DA6FD748B9}.Debug|Windows-x64.ActiveCfg = Debug|Windows-x64
		{7B72428E-267A-4E8B-B726-E3DA6FD748B9}.Debug|Windows-x64.Build.0 = Debug|Windows-x64
		{7B72428E-267A-4E8B-B726-E3DA6FD748B9}.Debug|Windows-x64.Deploy.0 = Debug|Windows-x64
		{7B72428E-267A-4E8B-B726-E3DA6FD748B9}.Debug|Windows-x86.ActiveCfg = Debug|Windows-x86
		{7B72428E-267A-4E8B-B726-E3DA6FD748B9}.Debug|Windows-x86.Build.0 = Debug|Windows-x86
		{7B72428E-267A-4E8B-B726-E3DA6FD748B9}.Debug|Windows-x86.Deploy.0 = Debug|Windows-x86
		{7B72428E-267A-4E8B-B726-E3DA6FD748B9}.Release|Android.ActiveCfg = Release|Android
		{7B72428E-267A-4E8B-B726-E3DA6FD748B9}.Release|Android.Build.0 = Release|Android
		{7B72428E-267A-4E8B-B726-E3DA6FD748B9}.Release|Android.Deploy.0 = Release|Android
		{7B72428E-267A-4E8B-B726-E3DA6FD748B9}.Release|iOS.ActiveCfg = Release|iOS
		{7B72428E-267A-4E8B-B726-E3DA6FD748B9}.Release|iOS.Build.0 = Release|iOS
		{7B72428E-267A-4E8B-B726-E3DA6FD748B9}.Release|iOS.Deploy.0 = Release|iOS
		{7B72428E-267A-4E8B-B726-E3DA6FD748B9}.Release|Windows Phone (Universal).ActiveCfg = Release|Windows Phone (Universal)
		{7B72428E-267A-4E8B-B726-E3DA6FD748B9}.Release|Windows Phone (Universal).Build.0 = Release|Windows Phone (Universal)
		{7B72428E-267A-4E8B-B726-E3DA6FD748B9}.Release|Windows Phone (Universal).Deploy.0 = Release|Windows Phone (Universal)
		{7B72428E-267A-4E8B-B726-E3DA6FD748B9}.Release|Windows Phone 8.ActiveCfg = Release|Windows Phone 8
		{7B72428E-267A-4E8B-B726-E3DA6FD748B9}.Release|Windows Phone 8.Build.0 = Release|Windows Phone 8
		{7B72428E-267A-4E8B-B726-E3DA6FD748B9}.Release|Windows Phone 8.Deploy.0 = Release|Windows Phone 8
		{7B72428E-267A-4E8B-B726-E3DA6FD748B9}.Release|Windows-AnyCPU.ActiveCfg = Release|Windows-AnyCPU
		{7B72428E-267A-4E8B-B726-E3DA6FD748B9}.Release|Windows-AnyCPU.Build.0 = Release|Windows-AnyCPU
		{7B72428E-267A-4E8B-B726-E3DA6FD748B9}.Release|Windows-AnyCPU.Deploy.0 = Release|Windows-AnyCPU
		{7B72428E-267A-4E8B-B726-E3DA6FD748B9}.Release|Windows-ARM.ActiveCfg = Release|Windows-ARM
		{7B72428E-267A-4E8B-B726-E3DA6FD748B9}.Release|Windows-ARM.Build.0 = Release|Windows-ARM
		{7B72428E-267A-4E8B-B726-E3DA6FD748B9}.Release|Windows-ARM.Deploy.0 = Release|Windows-ARM
		{7B72428E-267A-4E8B-B726-E3DA6FD748B9}.Release|Windows-x64.ActiveCfg = Release|Windows-x64
		{7B72428E-267A-4E8B-B726-E3DA6FD748B9}.Release|Windows-x64.Build.0 = Release|Windows-x64
		{7B72428E-267A-4E8B-B726-E3DA6FD748B9}.Release|Windows-x64.Deploy.0 = Release|Windows-x64
		{7B72428E-267A-4E8B-B726-E3DA6FD748B9}.Release|Windows-x86.ActiveCfg = Release|Windows-x86
		{7B72428E-267A-4E8B-B726-E3DA6FD748B9}.Release|Windows-x86.Build.0 = Release|Windows-x86
		{7B72428E-267A-4E8B-B726-E3DA6FD748B9}.Release|Windows-x86.Deploy.0 = Release|Windows-x86
		{87A01BDF-1FCB-4C98-9A46-01D07DE72AEA}.Debug|Android.ActiveCfg = Debug|Android
		{87A01BDF-1FCB-4C98-9A46-01D07DE72AEA}.Debug|Android.Build.0 = Debug|Android
		{87A01BDF-1FCB-4C98-9A46-01D07DE72AEA}.Debug|Android.Deploy.0 = Debug|Android
		{87A01BDF-1FCB-4C98-9A46-01D07DE72AEA}.Debug|iOS.ActiveCfg = Debug|iOS
		{87A01BDF-1FCB-4C98-9A46-01D07DE72AEA}.Debug|iOS.Build.0 = Debug|iOS
		{87A01BDF-1FCB-4C98-9A46-01D07DE72AEA}.Debug|iOS.Deploy.0 = Debug|iOS
		{87A01BDF-1FCB-4C98-9A46-01D07DE72AEA}.Debug|Windows Phone (Universal).ActiveCfg = Debug|Windows Phone (Universal)
		{87A01BDF-1FCB-4C98-9A46-01D07DE72AEA}.Debug|Windows Phone (Universal).Build.0 = Debug|Windows Phone (Universal)
		{87A01BDF-1FCB-4C98-9A46-01D07DE72AEA}.Debug|Windows Phone (Universal).Deploy.0 = Debug|Windows Phone (Universal)
		{87A01BDF-1FCB-4C98-9A46-01D07DE72AEA}.Debug|Windows Phone 8.ActiveCfg = Debug|Windows Phone 8
		{87A01BDF-1FCB-4C98-9A46-01D07DE72AEA}.Debug|Windows Phone 8.Build.0 = Debug|Windows Phone 8
		{87A01BDF-1FCB-4C98-9A46-01D07DE72AEA}.Debug|Windows Phone 8.Deploy.0 = Debug|Windows Phone 8
		{87A01BDF-1FCB-4C98-9A46-01D07DE72AEA}.Debug|Windows-AnyCPU.ActiveCfg = Debug|Windows-AnyCPU
		{87A01BDF-1FCB-4C98-9A46-01D07DE72AEA}.Debug|Windows-AnyCPU.Build.0 = Debug|Windows-AnyCPU
		{87A01BDF-1FCB-4C98-9A46-01D07DE72AEA}.Debug|Windows-AnyCPU.Deploy.0 = Debug|Windows-AnyCPU
		{87A01BDF-1FCB-4C98-9A46-01D07DE72AEA}.Debug|Windows-ARM.ActiveCfg = Debug|Windows-ARM
		{87A01BDF-1FCB-4C98-9A46-01D07DE72AEA}.Debug|Windows-ARM.Build.0 = Debug|Windows-ARM
		{87A01BDF-1FCB-4C98-9A46-01D07DE72AEA}.Debug|Windows-ARM.Deploy.0 = Debug|Windows-ARM
		{87A01BDF-1FCB-4C98-9A46-01D07DE72AEA}.Debug|Windows-x64.ActiveCfg = Debug|Windows-x64
		{87A01BDF-1FCB-4C98-9A46-01D07DE72AEA}.Debug|Windows-x64.Build.0 = Debug|Windows-x64
		{87A01BDF-1FCB-4C98-9A46-01D07DE72AEA}.Debug|Windows-x64.Deploy.0 = Debug|Windows-x64
		{87A01BDF-1FCB-4C98-9A46-01D07DE72AEA}.Debug|Windows-x86.ActiveCfg = Debug|Windows-x86
		{87A01BDF-1FCB-4C98-9A46-01D07DE72AEA}.Debug|Windows-x86.Build.0 = Debug|Windows-x86
		{87A01BDF-1FCB-4C98-9A46-01D07DE72AEA}.Debug|Windows-x86.Deploy.0 = Debug|Windows-x86
		{87A01BDF-1FCB-4C98-9A46-01D07DE72AEA}.Release|Android.ActiveCfg = Release|Android
		{87A01BDF-1FCB-4C98-9A46-01D07DE72AEA}.Release|Android.Build.0 = Release|Android
		{87A01BDF-1FCB-4C98-9A46-01D07DE72AEA}.Release|Android.Deploy.0 = Release|Android
		{87A01BDF-1FCB-4C98-9A46-01D07DE72AEA}.Release|iOS.ActiveCfg = Release|iOS
		{87A01BDF-1FCB-4C98-9A46-01D07DE72AEA}.Release|iOS.Build.0 = Release|iOS
		{87A01BDF-1FCB-4C98-9A46-01D07DE72AEA}.Release|iOS.Deploy.0 = Release|iOS
		{87A01BDF-1FCB-4C98-9A46-01D07DE72AEA}.Release|Windows Phone (Universal).ActiveCfg = Release|Windows Phone (Universal)
		{87A01BDF-1FCB-4C98-9A46-01D07DE72AEA}.Release|Windows Phone (Universal).Build.0 = Release|Windows Phone (Universal)
		{87A01BDF-1FCB-4C98-9A46-01D07DE72AEA}.Release|Windows Phone (Universal).Deploy.0 = Release|Windows Phone (Universal)
		{87A01BDF-1FCB-4C98-9A46-01D07DE72AEA}.Release|Windows Phone 8.ActiveCfg = Release|Windows Phone 8
		{87A01BDF-1FCB-4C98-9A46-01D07DE72AEA}.Release|Windows Phone 8.Build.0 = Release|Windows Phone 8
		{87A01BDF-1FCB-4C98-9A46-01D07DE72AEA}.Release|Windows Phone 8.Deploy.0 = Release|Windows Phone 8
		{87A01BDF-1FCB-4C98-9A46-01D07DE72AEA}.Release|Windows-AnyCPU.ActiveCfg = Release|Windows-AnyCPU
		{87A01BDF-1FCB-4C98-9A46-01D07DE72AEA}.Release|Windows-AnyCPU.Build.0 = Release|Windows-AnyCPU
		{87A01BDF-1FCB-4C98-9A46-01D07DE72AEA}.Release|Windows-AnyCPU.Deploy.0 = Release|Windows-AnyCPU
		{87A01BDF-1FCB-4C98-9A46-01D07DE72AEA}.Release|Windows-ARM.ActiveCfg = Release|Windows-ARM
		{87A01BDF-1FCB-4C98-9A46-01D07DE72AEA}.Release|Windows-ARM.Build.0 = Release|Windows-ARM
		{87A01BDF-1FCB-4C98-9A46-01D07DE72AEA}.Release|Windows-ARM.Deploy.0 = Release|Windows-ARM
		{87A01BDF-1FCB-4C98-9A46-01D07DE72AEA}.Release|Windows-x64.ActiveCfg = Release|Windows-x64
		{87A01BDF-1FCB-4C98-9A46-01D07DE72AEA}.Release|Windows-x64.Build.0 = Release|Windows-x64
		{87A01BDF-1FCB-4C98-9A46-01D07DE72AEA}.Release|Windows-x64.Deploy.0 = Release|Windows-x64
		{87A01BDF-1FCB-4C98-9A46-01D07DE72AEA}.Release|Windows-x86.ActiveCfg = Release|Windows-x86
		{87A01BDF-1FCB-4C98-9A46-01D07DE72AEA}.Release|Windows-x86.Build.0 = Release|Windows-x86
		{87A01BDF-1FCB-4C98-9A46-01D07DE72AEA}.Release|Windows-x86.Deploy.0 = Release|Windows-x86
		{D7820CC6-1B89-4B22-BDD7-50A7F403ABFB}.Debug|Android.ActiveCfg = Debug|Android
		{D7820CC6-1B89-4B22-BDD7-50A7F403ABFB}.Debug|Android.Build.0 = Debug|Android
		{D7820CC6-1B89-4B22-BDD7-50A7F403ABFB}.Debug|Android.Deploy.0 = Debug|Android
		{D7820CC6-1B89-4B22-BDD7-50A7F403ABFB}.Debug|iOS.ActiveCfg = Debug|iOS
		{D7820CC6-1B89-4B22-BDD7-50A7F403ABFB}.Debug|iOS.Build.0 = Debug|iOS
		{D7820CC6-1B89-4B22-BDD7-50A7F403ABFB}.Debug|iOS.Deploy.0 = Debug|iOS
		{D7820CC6-1B89-4B22-BDD7-50A7F403ABFB}.Debug|Windows Phone (Universal).ActiveCfg = Debug|Windows Phone (Universal)
		{D7820CC6-1B89-4B22-BDD7-50A7F403ABFB}.Debug|Windows Phone (Universal).Build.0 = Debug|Windows Phone (Universal)
		{D7820CC6-1B89-4B22-BDD7-50A7F403ABFB}.Debug|Windows Phone (Universal).Deploy.0 = Debug|Windows Phone (Universal)
		{D7820CC6-1B89-4B22-BDD7-50A7F403ABFB}.Debug|Windows Phone 8.ActiveCfg = Debug|Windows Phone 8
		{D7820CC6-1B89-4B22-BDD7-50A7F403ABFB}.Debug|Windows Phone 8.Build.0 = Debug|Windows Phone 8
		{D7820CC6-1B89-4B22-BDD7-50A7F403ABFB}.Debug|Windows Phone 8.Deploy.0 = Debug|Windows Phone 8
		{D7820CC6-1B89-4B22-BDD7-50A7F403ABFB}.Debug|Windows-AnyCPU.ActiveCfg = Debug|Windows-AnyCPU
		{D7820CC6-1B89-4B22-BDD7-50A7F403ABFB}.Debug|Windows-AnyCPU.Build.0 = Debug|Windows-AnyCPU
		{D7820CC6-1B89-4B22-BDD7-50A7F403ABFB}.Debug|Windows-AnyCPU.Deploy.0 = Debug|Windows-AnyCPU
		{D7820CC6-1B89-4B22-BDD7-50A7F403ABFB}.Debug|Windows-ARM.ActiveCfg = Debug|Windows-ARM
		{D7820CC6-1B89-4B22-BDD7-50A7F403ABFB}.Debug|Windows-ARM.Build.0 = Debug|Windows-ARM
		{D7820CC6-1B89-4B22-BDD7-50A7F403ABFB}.Debug|Windows-ARM.Deploy.0 = Debug|Windows-ARM
		{D7820CC6-1B89-4B22-BDD7-50A7F403ABFB}.Debug|Windows-x64.ActiveCfg = Debug|Windows-x64
		{D7820CC6-1B89-4B22-BDD7-50A7F403ABFB}.Debug|Windows-x64.Build.0 = Debug|Windows-x64
		{D7820CC6-1B89-4B22-BDD7-50A7F403ABFB}.Debug|Windows-x64.Deploy.0 = Debug|Windows-x64
		{D7820CC6-1B89-4B22-BDD7-50A7F403ABFB}.Debug|Windows-x86.ActiveCfg = Debug|Windows-x86
		{D7820CC6-1B89-4B22-BDD7-50A7F403ABFB}.Debug|Windows-x86.Build.0 = Debug|Windows-x86
		{D7820CC6-1B89-4B22-BDD7-50A7F403ABFB}.Debug|Windows-x86.Deploy.0 = Debug|Windows-x86
		{D7820CC6-1B89-4B22-BDD7-50A7F403ABFB}.Release|Android.ActiveCfg = Release|Android
		{D7820CC6-1B89-4B22-BDD7-50A7F403ABFB}.Release|Android.Build.0 = Release|Android
		{D7820CC6-1B89-4B22-BDD7-50A7F403ABFB}.Release|Android.Deploy.0 = Release|Android
		{D7820CC6-1B89-4B22-BDD7-50A7F403ABFB}.Release|iOS.ActiveCfg = Release|iOS
		{D7820CC6-1B89-4B22-BDD7-50A7F403ABFB}.Release|iOS.Build.0 = Release|iOS
		{D7820CC6-1B89-4B22-BDD7-50A7F403ABFB}.Release|iOS.Deploy.0 = Release|iOS
		{D7820CC6-1B89-4B22-BDD7-50A7F403ABFB}.Release|Windows Phone (Universal).ActiveCfg = Release|Windows Phone (Universal)
		{D7820CC6-1B89-4B22-BDD7-50A7F403ABFB}.Release|Windows Phone (Universal).Build.0 = Release|Windows Phone (Universal)
		{D7820CC6-1B89-4B22-BDD7-50A7F403ABFB}.Release|Windows Phone (Universal).Deploy.0 = Release|Windows Phone (Universal)
		{D7820CC6-1B89-4B22-BDD7-50A7F403ABFB}.Release|Windows Phone 8.ActiveCfg = Release|Windows Phone 8
		{D7820CC6-1B89-4B22-BDD7-50A7F403ABFB}.Release|Windows Phone 8.Build.0 = Release|Windows Phone 8
		{D7820CC6-1B89-4B22-BDD7-50A7F403ABFB}.Release|Windows Phone 8.Deploy.0 = Release|Windows Phone 8
		{D7820CC6-1B89-4B22-BDD7-50A7F403ABFB}.Release|Windows-AnyCPU.ActiveCfg = Release|Windows-AnyCPU
		{D7820CC6-1B89-4B22-BDD7-50A7F403ABFB}.Release|Windows-AnyCPU.Build.0 = Release|Windows-AnyCPU
		{D7820CC6-1B89-4B22-BDD7-50A7F403ABFB}.Release|Windows-AnyCPU.Deploy.0 = Release|Windows-AnyCPU
		{D7820CC6-1B89-4B22-BDD7-50A7F403ABFB}.Release|Windows-ARM.ActiveCfg = Release|Windows-ARM
		{D7820CC6-1B89-4B22-BDD7-50A7F403ABFB}.Release|Windows-ARM.Build.0 = Release|Windows-ARM
		{D7820CC6-1B89-4B22-BDD7-50A7F403ABFB}.Release|Windows-ARM.Deploy.0 = Release|Windows-ARM
		{D7820CC6-1B89-4B22-BDD7-50A7F403ABFB}.Release|Windows-x64.ActiveCfg = Release|Windows-x64
		{D7820CC6-1B89-4B22-BDD7-50A7F403ABFB}.Release|Windows-x64.Build.0 = Release|Windows-x64
		{D7820CC6-1B89-4B22-BDD7-50A7F403ABFB}.Release|Windows-x64.Deploy.0 = Release|Windows-x64
		{D7820CC6-1B89-4B22-BDD7-50A7F403ABFB}.Release|Windows-x86.ActiveCfg = Release|Windows-x86
		{D7820CC6-1B89-4B22-BDD7-50A7F403ABFB}.Release|Windows-x86.Build.0 = Release|Windows-x86
		{D7820CC6-1B89-4B22-BDD7-50A7F403ABFB}.Release|Windows-x86.Deploy.0 = Release|Windows-x86
		{17E064D0-EC84-4421-AC7F-39061450348A}.Debug|Android.ActiveCfg = Debug|Android
		{17E064D0-EC84-4421-AC7F-39061450348A}.Debug|Android.Build.0 = Debug|Android
		{17E064D0-EC84-4421-AC7F-39061450348A}.Debug|Android.Deploy.0 = Debug|Android
		{17E064D0-EC84-4421-AC7F-39061450348A}.Debug|iOS.ActiveCfg = Debug|iOS
		{17E064D0-EC84-4421-AC7F-39061450348A}.Debug|iOS.Build.0 = Debug|iOS
		{17E064D0-EC84-4421-AC7F-39061450348A}.Debug|iOS.Deploy.0 = Debug|iOS
		{17E064D0-EC84-4421-AC7F-39061450348A}.Debug|Windows Phone (Universal).ActiveCfg = Debug|Windows Phone (Universal)
		{17E064D0-EC84-4421-AC7F-39061450348A}.Debug|Windows Phone (Universal).Build.0 = Debug|Windows Phone (Universal)
		{17E064D0-EC84-4421-AC7F-39061450348A}.Debug|Windows Phone (Universal).Deploy.0 = Debug|Windows Phone (Universal)
		{17E064D0-EC84-4421-AC7F-39061450348A}.Debug|Windows Phone 8.ActiveCfg = Debug|Windows Phone 8
		{17E064D0-EC84-4421-AC7F-39061450348A}.Debug|Windows Phone 8.Build.0 = Debug|Windows Phone 8
		{17E064D0-EC84-4421-AC7F-39061450348A}.Debug|Windows Phone 8.Deploy.0 = Debug|Windows Phone 8
		{17E064D0-EC84-4421-AC7F-39061450348A}.Debug|Windows-AnyCPU.ActiveCfg = Debug|Windows-AnyCPU
		{17E064D0-EC84-4421-AC7F-39061450348A}.Debug|Windows-AnyCPU.Build.0 = Debug|Windows-AnyCPU
		{17E064D0-EC84-4421-AC7F-39061450348A}.Debug|Windows-AnyCPU.Deploy.0 = Debug|Windows-AnyCPU
		{17E064D0-EC84-4421-AC7F-39061450348A}.Debug|Windows-ARM.ActiveCfg = Debug|Windows-ARM
		{17E064D0-EC84-4421-AC7F-39061450348A}.Debug|Windows-ARM.Build.0 = Debug|Windows-ARM
		{17E064D0-EC84-4421-AC7F-39061450348A}.Debug|Windows-ARM.Deploy.0 = Debug|Windows-ARM
		{17E064D0-EC84-4421-AC7F-39061450348A}.Debug|Windows-x64.ActiveCfg = Debug|Windows-x64
		{17E064D0-EC84-4421-AC7F-39061450348A}.Debug|Windows-x64.Build.0 = Debug|Windows-x64
		{17E064D0-EC84-4421-AC7F-39061450348A}.Debug|Windows-x64.Deploy.0 = Debug|Windows-x64
		{17E064D0-EC84-4421-AC7F-39061450348A}.Debug|Windows-x86.ActiveCfg = Debug|Windows-x86
		{17E064D0-EC84-4421-AC7F-39061450348A}.Debug|Windows-x86.Build.0 = Debug|Windows-x86
		{17E064D0-EC84-4421-AC7F-39061450348A}.Debug|Windows-x86.Deploy.0 = Debug|Windows-x86
		{17E064D0-EC84-4421-AC7F-39061450348A}.Release|Android.ActiveCfg = Release|Android
		{17E064D0-EC84-4421-AC7F-39061450348A}.Release|Android.Build.0 = Release|Android
		{17E064D0-EC84-4421-AC7F-39061450348A}.Release|Android.Deploy.0 = Release|Android
		{17E064D0-EC84-4421-AC7F-39061450348A}.Release|iOS.ActiveCfg = Release|iOS
		{17E064D0-EC84-4421-AC7F-39061450348A}.Release|iOS.Build.0 = Release|iOS
		{17E064D0-EC84-4421-AC7F-39061450348A}.Release|iOS.Deploy.0 = Release|iOS
		{17E064D0-EC84-4421-AC7F-39061450348A}.Release|Windows Phone (Universal).ActiveCfg = Release|Windows Phone (Universal)
		{17E064D0-EC84-4421-AC7F-39061450348A}.Release|Windows Phone (Universal).Build.0 = Release|Windows Phone (Universal)
		{17E064D0-EC84-4421-AC7F-39061450348A}.Release|Windows Phone (Universal).Deploy.0 = Release|Windows Phone (Universal)
		{17E064D0-EC84-4421-AC7F-39061450348A}.Release|Windows Phone 8.ActiveCfg = Release|Windows Phone 8
		{17E064D0-EC84-4421-AC7F-39061450348A}.Release|Windows Phone 8.Build.0 = Release|Windows Phone 8
		{17E064D0-EC84-4421-AC7F-39061450348A}.Release|Windows Phone 8.Deploy.0 = Release|Windows Phone 8
		{17E064D0-EC84-4421-AC7F-39061450348A}.Release|Windows-AnyCPU.ActiveCfg = Release|Windows-AnyCPU
		{17E064D0-EC84-4421-AC7F-39061450348A}.Release|Windows-AnyCPU.Build.0 = Release|Windows-AnyCPU
		{17E064D0-EC84-4421-AC7F-39061450348A}.Release|Windows-AnyCPU.Deploy.0 = Release|Windows-AnyCPU
		{17E064D0-EC84-4421-AC7F-39061450348A}.Release|Windows-ARM.ActiveCfg = Release|Windows-ARM
		{17E064D0-EC84-4421-AC7F-39061450348A}.Release|Windows-ARM.Build.0 = Release|Windows-ARM
		{17E064D0-EC84-4421-AC7F-39061450348A}.Release|Windows-ARM.Deploy.0 = Release|Windows-ARM
		{17E064D0-EC84-4421-AC7F-39061450348A}.Release|Windows-x64.ActiveCfg = Release|Windows-x64
		{17E064D0-EC84-4421-AC7F-39061450348A}.Release|Windows-x64.Build.0 = Release|Windows-x64
		{17E064D0-EC84-4421-AC7F-39061450348A}.Release|Windows-x64.Deploy.0 = Release|Windows-x64
		{17E064D0-EC84-4421-AC7F-39061450348A}.Release|Windows-x86.ActiveCfg = Release|Windows-x86
		{17E064D0-EC84-4421-AC7F-39061450348A}.Release|Windows-x86.Build.0 = Release|Windows-x86
		{17E064D0-EC84-4421-AC7F-39061450348A}.Release|Windows-x86.Deploy.0 = Release|Windows-x86
		{6701DB95-2F24-494B-8DA2-B1A6ECD416AD}.Debug|Android.ActiveCfg = Debug|Android
		{6701DB95-2F24-494B-8DA2-B1A6ECD416AD}.Debug|Android.Build.0 = Debug|Android
		{6701DB95-2F24-494B-8DA2-B1A6ECD416AD}.Debug|Android.Deploy.0 = Debug|Android
		{6701DB95-2F24-494B-8DA2-B1A6ECD416AD}.Debug|iOS.ActiveCfg = Debug|iOS
		{6701DB95-2F24-494B-8DA2-B1A6ECD416AD}.Debug|iOS.Build.0 = Debug|iOS
		{6701DB95-2F24-494B-8DA2-B1A6ECD416AD}.Debug|iOS.Deploy.0 = Debug|iOS
		{6701DB95-2F24-494B-8DA2-B1A6ECD416AD}.Debug|Windows Phone (Universal).ActiveCfg = Debug|Windows Phone (Universal)
		{6701DB95-2F24-494B-8DA2-B1A6ECD416AD}.Debug|Windows Phone (Universal).Build.0 = Debug|Windows Phone (Universal)
		{6701DB95-2F24-494B-8DA2-B1A6ECD416AD}.Debug|Windows Phone (Universal).Deploy.0 = Debug|Windows Phone (Universal)
		{6701DB95-2F24-494B-8DA2-B1A6ECD416AD}.Debug|Windows Phone 8.ActiveCfg = Debug|Windows Phone 8
		{6701DB95-2F24-494B-8DA2-B1A6ECD416AD}.Debug|Windows Phone 8.Build.0 = Debug|Windows Phone 8
		{6701DB95-2F24-494B-8DA2-B1A6ECD416AD}.Debug|Windows Phone 8.Deploy.0 = Debug|Windows Phone 8
		{6701DB95-2F24-494B-8DA2-B1A6ECD416AD}.Debug|Windows-AnyCPU.ActiveCfg = Debug|Windows-AnyCPU
		{6701DB95-2F24-494B-8DA2-B1A6ECD416AD}.Debug|Windows-AnyCPU.Build.0 = Debug|Windows-AnyCPU
		{6701DB95-2F24-494B-8DA2-B1A6ECD416AD}.Debug|Windows-AnyCPU.Deploy.0 = Debug|Windows-AnyCPU
		{6701DB95-2F24-494B-8DA2-B1A6ECD416AD}.Debug|Windows-ARM.ActiveCfg = Debug|Windows-ARM
		{6701DB95-2F24-494B-8DA2-B1A6ECD416AD}.Debug|Windows-ARM.Build.0 = Debug|Windows-ARM
		{6701DB95-2F24-494B-8DA2-B1A6ECD416AD}.Debug|Windows-ARM.Deploy.0 = Debug|Windows-ARM
		{6701DB95-2F24-494B-8DA2-B1A6ECD416AD}.Debug|Windows-x64.ActiveCfg = Debug|Windows-x64
		{6701DB95-2F24-494B-8DA2-B1A6ECD416AD}.Debug|Windows-x64.Build.0 = Debug|Windows-x64
		{6701DB95-2F24-494B-8DA2-B1A6ECD416AD}.Debug|Windows-x64.Deploy.0 = Debug|Windows-x64
		{6701DB95-2F24-494B-8DA2-B1A6ECD416AD}.Debug|Windows-x86.ActiveCfg = Debug|Windows-x86
		{6701DB95-2F24-494B-8DA2-B1A6ECD416AD}.Debug|Windows-x86.Build.0 = Debug|Windows-x86
		{6701DB95-2F24-494B-8DA2-B1A6ECD416AD}.Debug|Windows-x86.Deploy.0 = Debug|Windows-x86
		{6701DB95-2F24-494B-8DA2-B1A6ECD416AD}.Release|Android.ActiveCfg = Release|Android
		{6701DB95-2F24-494B-8DA2-B1A6ECD416AD}.Release|Android.Build.0 = Release|Android
		{6701DB95-2F24-494B-8DA2-B1A6ECD416AD}.Release|Android.Deploy.0 = Release|Android
		{6701DB95-2F24-494B-8DA2-B1A6ECD416AD}.Release|iOS.ActiveCfg = Release|iOS
		{6701DB95-2F24-494B-8DA2-B1A6ECD416AD}.Release|iOS.Build.0 = Release|iOS
		{6701DB95-2F24-494B-8DA2-B1A6ECD416AD}.Release|iOS.Deploy.0 = Release|iOS
		{6701DB95-2F24-494B-8DA2-B1A6ECD416AD}.Release|Windows Phone (Universal).ActiveCfg = Release|Windows Phone (Universal)
		{6701DB95-2F24-494B-8DA2-B1A6ECD416AD}.Release|Windows Phone (Universal).Build.0 = Release|Windows Phone (Universal)
		{6701DB95-2F24-494B-8DA2-B1A6ECD416AD}.Release|Windows Phone (Universal).Deploy.0 = Release|Windows Phone (Universal)
		{6701DB95-2F24-494B-8DA2-B1A6ECD416AD}.Release|Windows Phone 8.ActiveCfg = Release|Windows Phone 8
		{6701DB95-2F24-494B-8DA2-B1A6ECD416AD}.Release|Windows Phone 8.Build.0 = Release|Windows Phone 8
		{6701DB95-2F24-494B-8DA2-B1A6ECD416AD}.Release|Windows Phone 8.Deploy.0 = Release|Windows Phone 8
		{6701DB95-2F24-494B-8DA2-B1A6ECD416AD}.Release|Windows-AnyCPU.ActiveCfg = Release|Windows-AnyCPU
		{6701DB95-2F24-494B-8DA2-B1A6ECD416AD}.Release|Windows-AnyCPU.Build.0 = Release|Windows-AnyCPU
		{6701DB95-2F24-494B-8DA2-B1A6ECD416AD}.Release|Windows-AnyCPU.Deploy.0 = Release|Windows-AnyCPU
		{6701DB95-2F24-494B-8DA2-B1A6ECD416AD}.Release|Windows-ARM.ActiveCfg = Release|Windows-ARM
		{6701DB95-2F24-494B-8DA2-B1A6ECD416AD}.Release|Windows-ARM.Build.0 = Release|Windows-ARM
		{6701DB95-2F24-494B-8DA2-B1A6ECD416AD}.Release|Windows-ARM.Deploy.0 = Release|Windows-ARM
		{6701DB95-2F24-494B-8DA2-B1A6ECD416AD}.Release|Windows-x64.ActiveCfg = Release|Windows-x64
		{6701DB95-2F24-494B-8DA2-B1A6ECD416AD}.Release|Windows-x64.Build.0 = Release|Windows-x64
		{6701DB95-2F24-494B-8DA2-B1A6ECD416AD}.Release|Windows-x64.Deploy.0 = Release|Windows-x64
		{6701DB95-2F24-494B-8DA2-B1A6ECD416AD}.Release|Windows-x86.ActiveCfg = Release|Windows-x86
		{6701DB95-2F24-494B-8DA2-B1A6ECD416AD}.Release|Windows-x86.Build.0 = Release|Windows-x86
		{6701DB95-2F24-494B-8DA2-B1A6ECD416AD}.Release|Windows-x86.Deploy.0 = Release|Windows-x86
		{4B5D0C74-B620-4D26-8F48-82F413E853AA}.Debug|Android.ActiveCfg = Debug|Android
		{4B5D0C74-B620-4D26-8F48-82F413E853AA}.Debug|Android.Build.0 = Debug|Android
		{4B5D0C74-B620-4D26-8F48-82F413E853AA}.Debug|Android.Deploy.0 = Debug|Android
		{4B5D0C74-B620-4D26-8F48-82F413E853AA}.Debug|iOS.ActiveCfg = Debug|iOS
		{4B5D0C74-B620-4D26-8F48-82F413E853AA}.Debug|iOS.Build.0 = Debug|iOS
		{4B5D0C74-B620-4D26-8F48-82F413E853AA}.Debug|iOS.Deploy.0 = Debug|iOS
		{4B5D0C74-B620-4D26-8F48-82F413E853AA}.Debug|Windows Phone (Universal).ActiveCfg = Debug|Windows Phone (Universal)
		{4B5D0C74-B620-4D26-8F48-82F413E853AA}.Debug|Windows Phone (Universal).Build.0 = Debug|Windows Phone (Universal)
		{4B5D0C74-B620-4D26-8F48-82F413E853AA}.Debug|Windows Phone (Universal).Deploy.0 = Debug|Windows Phone (Universal)
		{4B5D0C74-B620-4D26-8F48-82F413E853AA}.Debug|Windows Phone 8.ActiveCfg = Debug|Windows Phone 8
		{4B5D0C74-B620-4D26-8F48-82F413E853AA}.Debug|Windows Phone 8.Build.0 = Debug|Windows Phone 8
		{4B5D0C74-B620-4D26-8F48-82F413E853AA}.Debug|Windows Phone 8.Deploy.0 = Debug|Windows Phone 8
		{4B5D0C74-B620-4D26-8F48-82F413E853AA}.Debug|Windows-AnyCPU.ActiveCfg = Debug|Windows-AnyCPU
		{4B5D0C74-B620-4D26-8F48-82F413E853AA}.Debug|Windows-AnyCPU.Build.0 = Debug|Windows-AnyCPU
		{4B5D0C74-B620-4D26-8F48-82F413E853AA}.Debug|Windows-AnyCPU.Deploy.0 = Debug|Windows-AnyCPU
		{4B5D0C74-B620-4D26-8F48-82F413E853AA}.Debug|Windows-ARM.ActiveCfg = Debug|Windows-ARM
		{4B5D0C74-B620-4D26-8F48-82F413E853AA}.Debug|Windows-ARM.Build.0 = Debug|Windows-ARM
		{4B5D0C74-B620-4D26-8F48-82F413E853AA}.Debug|Windows-ARM.Deploy.0 = Debug|Windows-ARM
		{4B5D0C74-B620-4D26-8F48-82F413E853AA}.Debug|Windows-x64.ActiveCfg = Debug|Windows-x64
		{4B5D0C74-B620-4D26-8F48-82F413E853AA}.Debug|Windows-x64.Build.0 = Debug|Windows-x64
		{4B5D0C74-B620-4D26-8F48-82F413E853AA}.Debug|Windows-x64.Deploy.0 = Debug|Windows-x64
		{4B5D0C74-B620-4D26-8F48-82F413E853AA}.Debug|Windows-x86.ActiveCfg = Debug|Windows-x86
		{4B5D0C74-B620-4D26-8F48-82F413E853AA}.Debug|Windows-x86.Build.0 = Debug|Windows-x86
		{4B5D0C74-B620-4D26-8F48-82F413E853AA}.Debug|Windows-x86.Deploy.0 = Debug|Windows-x86
		{4B5D0C74-B620-4D26-8F48-82F413E853AA}.Release|Android.ActiveCfg = Release|Android
		{4B5D0C74-B620-4D26-8F48-82F413E853AA}.Release|Android.Build.0 = Release|Android
		{4B5D0C74-B620-4D26-8F48-82F413E853AA}.Release|Android.Deploy.0 = Release|Android
		{4B5D0C74-B620-4D26-8F48-82F413E853AA}.Release|iOS.ActiveCfg = Release|iOS
		{4B5D0C74-B620-4D26-8F48-82F413E853AA}.Release|iOS.Build.0 = Release|iOS
		{4B5D0C74-B620-4D26-8F48-82F413E853AA}.Release|iOS.Deploy.0 = Release|iOS
		{4B5D0C74-B620-4D26-8F48-82F413E853AA}.Release|Windows Phone (Universal).ActiveCfg = Release|Windows Phone (Universal)
		{4B5D0C74-B620-4D26-8F48-82F413E853AA}.Release|Windows Phone (Universal).Build.0 = Release|Windows Phone (Universal)
		{4B5D0C74-B620-4D26-8F48-82F413E853AA}.Release|Windows Phone (Universal).Deploy.0 = Release|Windows Phone (Universal)
		{4B5D0C74-B620-4D26-8F48-82F413E853AA}.Release|Windows Phone 8.ActiveCfg = Release|Windows Phone 8
		{4B5D0C74-B620-4D26-8F48-82F413E853AA}.Release|Windows Phone 8.Build.0 = Release|Windows Phone 8
		{4B5D0C74-B620-4D26-8F48-82F413E853AA}.Release|Windows Phone 8.Deploy.0 = Release|Windows Phone 8
		{4B5D0C74-B620-4D26-8F48-82F413E853AA}.Release|Windows-AnyCPU.ActiveCfg = Release|Windows-AnyCPU
		{4B5D0C74-B620-4D26-8F48-82F413E853AA}.Release|Windows-AnyCPU.Build.0 = Release|Windows-AnyCPU
		{4B5D0C74-B620-4D26-8F48-82F413E853AA}.Release|Windows-AnyCPU.Deploy.0 = Release|Windows-AnyCPU
		{4B5D0C74-B620-4D26-8F48-82F413E853AA}.Release|Windows-ARM.ActiveCfg = Release|Windows-ARM
		{4B5D0C74-B620-4D26-8F48-82F413E853AA}.Release|Windows-ARM.Build.0 = Release|Windows-ARM
		{4B5D0C74-B620-4D26-8F48-82F413E853AA}.Release|Windows-ARM.Deploy.0 = Release|Windows-ARM
		{4B5D0C74-B620-4D26-8F48-82F413E853AA}.Release|Windows-x64.ActiveCfg = Release|Windows-x64
		{4B5D0C74-B620-4D26-8F48-82F413E853AA}.Release|Windows-x64.Build.0 = Release|Windows-x64
		{4B5D0C74-B620-4D26-8F48-82F413E853AA}.Release|Windows-x64.Deploy.0 = Release|Windows-x64
		{4B5D0C74-B620-4D26-8F48-82F413E853AA}.Release|Windows-x86.ActiveCfg = Release|Windows-x86
		{4B5D0C74-B620-4D26-8F48-82F413E853AA}.Release|Windows-x86.Build.0 = Release|Windows-x86
		{4B5D0C74-B620-4D26-8F48-82F413E853AA}.Release|Windows-x86.Deploy.0 = Release|Windows-x86
		{9DF6AF42-A22D-41D6-9140-A3DF4FEDD426}.Debug|Android.ActiveCfg = Debug|Android
		{9DF6AF42-A22D-41D6-9140-A3DF4FEDD426}.Debug|Android.Build.0 = Debug|Android
		{9DF6AF42-A22D-41D6-9140-A3DF4FEDD426}.Debug|Android.Deploy.0 = Debug|Android
		{9DF6AF42-A22D-41D6-9140-A3DF4FEDD426}.Debug|iOS.ActiveCfg = Debug|iOS
		{9DF6AF42-A22D-41D6-9140-A3DF4FEDD426}.Debug|iOS.Build.0 = Debug|iOS
		{9DF6AF42-A22D-41D6-9140-A3DF4FEDD426}.Debug|iOS.Deploy.0 = Debug|iOS
		{9DF6AF42-A22D-41D6-9140-A3DF4FEDD426}.Debug|Windows Phone (Universal).ActiveCfg = Debug|Windows Phone (Universal)
		{9DF6AF42-A22D-41D6-9140-A3DF4FEDD426}.Debug|Windows Phone (Universal).Build.0 = Debug|Windows Phone (Universal)
		{9DF6AF42-A22D-41D6-9140-A3DF4FEDD426}.Debug|Windows Phone (Universal).Deploy.0 = Debug|Windows Phone (Universal)
		{9DF6AF42-A22D-41D6-9140-A3DF4FEDD426}.Debug|Windows Phone 8.ActiveCfg = Debug|Windows Phone 8
		{9DF6AF42-A22D-41D6-9140-A3DF4FEDD426}.Debug|Windows Phone 8.Build.0 = Debug|Windows Phone 8
		{9DF6AF42-A22D-41D6-9140-A3DF4FEDD426}.Debug|Windows Phone 8.Deploy.0 = Debug|Windows Phone 8
		{9DF6AF42-A22D-41D6-9140-A3DF4FEDD426}.Debug|Windows-AnyCPU.ActiveCfg = Debug|Windows-AnyCPU
		{9DF6AF42-A22D-41D6-9140-A3DF4FEDD426}.Debug|Windows-AnyCPU.Build.0 = Debug|Windows-AnyCPU
		{9DF6AF42-A22D-41D6-9140-A3DF4FEDD426}.Debug|Windows-AnyCPU.Deploy.0 = Debug|Windows-AnyCPU
		{9DF6AF42-A22D-41D6-9140-A3DF4FEDD426}.Debug|Windows-ARM.ActiveCfg = Debug|Windows-ARM
		{9DF6AF42-A22D-41D6-9140-A3DF4FEDD426}.Debug|Windows-ARM.Build.0 = Debug|Windows-ARM
		{9DF6AF42-A22D-41D6-9140-A3DF4FEDD426}.Debug|Windows-ARM.Deploy.0 = Debug|Windows-ARM
		{9DF6AF42-A22D-41D6-9140-A3DF4FEDD426}.Debug|Windows-x64.ActiveCfg = Debug|Windows-x64
		{9DF6AF42-A22D-41D6-9140-A3DF4FEDD426}.Debug|Windows-x64.Build.0 = Debug|Windows-x64
		{9DF6AF42-A22D-41D6-9140-A3DF4FEDD426}.Debug|Windows-x64.Deploy.0 = Debug|Windows-x64
		{9DF6AF42-A22D-41D6-9140-A3DF4FEDD426}.Debug|Windows-x86.ActiveCfg = Debug|Windows-x86
		{9DF6AF42-A22D-41D6-9140-A3DF4FEDD426}.Debug|Windows-x86.Build.0 = Debug|Windows-x86
		{9DF6AF42-A22D-41D6-9140-A3DF4FEDD426}.Debug|Windows-x86.Deploy.0 = Debug|Windows-x86
		{9DF6AF42-A22D-41D6-9140-A3DF4FEDD426}.Release|Android.ActiveCfg = Release|Android
		{9DF6AF42-A22D-41D6-9140-A3DF4FEDD426}.Release|Android.Build.0 = Release|Android
		{9DF6AF42-A22D-41D6-9140-A3DF4FEDD426}.Release|Android.Deploy.0 = Release|Android
		{9DF6AF42-A22D-41D6-9140-A3DF4FEDD426}.Release|iOS.ActiveCfg = Release|iOS
		{9DF6AF42-A22D-41D6-9140-A3DF4FEDD426}.Release|iOS.Build.0 = Release|iOS
		{9DF6AF42-A22D-41D6-9140-A3DF4FEDD426}.Release|iOS.Deploy.0 = Release|iOS
		{9DF6AF42-A22D-41D6-9140-A3DF4FEDD426}.Release|Windows Phone (Universal).ActiveCfg = Release|Windows Phone (Universal)
		{9DF6AF42-A22D-41D6-9140-A3DF4FEDD426}.Release|Windows Phone (Universal).Build.0 = Release|Windows Phone (Universal)
		{9DF6AF42-A22D-41D6-9140-A3DF4FEDD426}.Release|Windows Phone (Universal).Deploy.0 = Release|Windows Phone (Universal)
		{9DF6AF42-A22D-41D6-9140-A3DF4FEDD426}.Release|Windows Phone 8.ActiveCfg = Release|Windows Phone 8
		{9DF6AF42-A22D-41D6-9140-A3DF4FEDD426}.Release|Windows Phone 8.Build.0 = Release|Windows Phone 8
		{9DF6AF42-A22D-41D6-9140-A3DF4FEDD426}.Release|Windows Phone 8.Deploy.0 = Release|Windows Phone 8
		{9DF6AF42-A22D-41D6-9140-A3DF4FEDD426}.Release|Windows-AnyCPU.ActiveCfg = Release|Windows-AnyCPU
		{9DF6AF42-A22D-41D6-9140-A3DF4FEDD426}.Release|Windows-AnyCPU.Build.0 = Release|Windows-AnyCPU
		{9DF6AF42-A22D-41D6-9140-A3DF4FEDD426}.Release|Windows-AnyCPU.Deploy.0 = Release|Windows-AnyCPU
		{9DF6AF42-A22D-41D6-9140-A3DF4FEDD426}.Release|Windows-ARM.ActiveCfg = Release|Windows-ARM
		{9DF6AF42-A22D-41D6-9140-A3DF4FEDD426}.Release|Windows-ARM.Build.0 = Release|Windows-ARM
		{9DF6AF42-A22D-41D6-9140-A3DF4FEDD426}.Release|Windows-ARM.Deploy.0 = Release|Windows-ARM
		{9DF6AF42-A22D-41D6-9140-A3DF4FEDD426}.Release|Windows-x64.ActiveCfg = Release|Windows-x64
		{9DF6AF42-A22D-41D6-9140-A3DF4FEDD426}.Release|Windows-x64.Build.0 = Release|Windows-x64
		{9DF6AF42-A22D-41D6-9140-A3DF4FEDD426}.Release|Windows-x64.Deploy.0 = Release|Windows-x64
		{9DF6AF42-A22D-41D6-9140-A3DF4FEDD426}.Release|Windows-x86.ActiveCfg = Release|Windows-x86
		{9DF6AF42-A22D-41D6-9140-A3DF4FEDD426}.Release|Windows-x86.Build.0 = Release|Windows-x86
		{9DF6AF42-A22D-41D6-9140-A3DF4FEDD426}.Release|Windows-x86.Deploy.0 = Release|Windows-x86
		{598800A7-CEB4-4C0A-AC40-F934CB751447}.Debug|Android.ActiveCfg = Debug|Android
		{598800A7-CEB4-4C0A-AC40-F934CB751447}.Debug|Android.Build.0 = Debug|Android
		{598800A7-CEB4-4C0A-AC40-F934CB751447}.Debug|Android.Deploy.0 = Debug|Android
		{598800A7-CEB4-4C0A-AC40-F934CB751447}.Debug|iOS.ActiveCfg = Debug|iOS
		{598800A7-CEB4-4C0A-AC40-F934CB751447}.Debug|iOS.Build.0 = Debug|iOS
		{598800A7-CEB4-4C0A-AC40-F934CB751447}.Debug|iOS.Deploy.0 = Debug|iOS
		{598800A7-CEB4-4C0A-AC40-F934CB751447}.Debug|Windows Phone (Universal).ActiveCfg = Debug|Windows Phone (Universal)
		{598800A7-CEB4-4C0A-AC40-F934CB751447}.Debug|Windows Phone (Universal).Build.0 = Debug|Windows Phone (Universal)
		{598800A7-CEB4-4C0A-AC40-F934CB751447}.Debug|Windows Phone (Universal).Deploy.0 = Debug|Windows Phone (Universal)
		{598800A7-CEB4-4C0A-AC40-F934CB751447}.Debug|Windows Phone 8.ActiveCfg = Debug|Windows Phone 8
		{598800A7-CEB4-4C0A-AC40-F934CB751447}.Debug|Windows Phone 8.Build.0 = Debug|Windows Phone 8
		{598800A7-CEB4-4C0A-AC40-F934CB751447}.Debug|Windows Phone 8.Deploy.0 = Debug|Windows Phone 8
		{598800A7-CEB4-4C0A-AC40-F934CB751447}.Debug|Windows-AnyCPU.ActiveCfg = Debug|Windows-AnyCPU
		{598800A7-CEB4-4C0A-AC40-F934CB751447}.Debug|Windows-AnyCPU.Build.0 = Debug|Windows-AnyCPU
		{598800A7-CEB4-4C0A-AC40-F934CB751447}.Debug|Windows-AnyCPU.Deploy.0 = Debug|Windows-AnyCPU
		{598800A7-CEB4-4C0A-AC40-F934CB751447}.Debug|Windows-ARM.ActiveCfg = Debug|Windows-ARM
		{598800A7-CEB4-4C0A-AC40-F934CB751447}.Debug|Windows-ARM.Build.0 = Debug|Windows-ARM
		{598800A7-CEB4-4C0A-AC40-F934CB751447}.Debug|Windows-ARM.Deploy.0 = Debug|Windows-ARM
		{598800A7-CEB4-4C0A-AC40-F934CB751447}.Debug|Windows-x64.ActiveCfg = Debug|Windows-x64
		{598800A7-CEB4-4C0A-AC40-F934CB751447}.Debug|Windows-x64.Build.0 = Debug|Windows-x64
		{598800A7-CEB4-4C0A-AC40-F934CB751447}.Debug|Windows-x64.Deploy.0 = Debug|Windows-x64
		{598800A7-CEB4-4C0A-AC40-F934CB751447}.Debug|Windows-x86.ActiveCfg = Debug|Windows-x86
		{598800A7-CEB4-4C0A-AC40-F934CB751447}.Debug|Windows-x86.Build.0 = Debug|Windows-x86
		{598800A7-CEB4-4C0A-AC40-F934CB751447}.Debug|Windows-x86.Deploy.0 = Debug|Windows-x86
		{598800A7-CEB4-4C0A-AC40-F934CB751447}.Release|Android.ActiveCfg = Release|Android
		{598800A7-CEB4-4C0A-AC40-F934CB751447}.Release|Android.Build.0 = Release|Android
		{598800A7-CEB4-4C0A-AC40-F934CB751447}.Release|Android.Deploy.0 = Release|Android
		{598800A7-CEB4-4C0A-AC40-F934CB751447}.Release|iOS.ActiveCfg = Release|iOS
		{598800A7-CEB4-4C0A-AC40-F934CB751447}.Release|iOS.Build.0 = Release|iOS
		{598800A7-CEB4-4C0A-AC40-F934CB751447}.Release|iOS.Deploy.0 = Release|iOS
		{598800A7-CEB4-4C0A-AC40-F934CB751447}.Release|Windows Phone (Universal).ActiveCfg = Release|Windows Phone (Universal)
		{598800A7-CEB4-4C0A-AC40-F934CB751447}.Release|Windows Phone (Universal).Build.0 = Release|Windows Phone (Universal)
		{598800A7-CEB4-4C0A-AC40-F934CB751447}.Release|Windows Phone (Universal).Deploy.0 = Release|Windows Phone (Universal)
		{598800A7-CEB4-4C0A-AC40-F934CB751447}.Release|Windows Phone 8.ActiveCfg = Release|Windows Phone 8
		{598800A7-CEB4-4C0A-AC40-F934CB751447}.Release|Windows Phone 8.Build.0 = Release|Windows Phone 8
		{598800A7-CEB4-4C0A-AC40-F934CB751447}.Release|Windows Phone 8.Deploy.0 = Release|Windows Phone 8
		{598800A7-CEB4-4C0A-AC40-F934CB751447}.Release|Windows-AnyCPU.ActiveCfg = Release|Windows-AnyCPU
		{598800A7-CEB4-4C0A-AC40-F934CB751447}.Release|Windows-AnyCPU.Build.0 = Release|Windows-AnyCPU
		{598800A7-CEB4-4C0A-AC40-F934CB751447}.Release|Windows-AnyCPU.Deploy.0 = Release|Windows-AnyCPU
		{598800A7-CEB4-4C0A-AC40-F934CB751447}.Release|Windows-ARM.ActiveCfg = Release|Windows-ARM
		{598800A7-CEB4-4C0A-AC40-F934CB751447}.Release|Windows-ARM.Build.0 = Release|Windows-ARM
		{598800A7-CEB4-4C0A-AC40-F934CB751447}.Release|Windows-ARM.Deploy.0 = Release|Windows-ARM
		{598800A7-CEB4-4C0A-AC40-F934CB751447}.Release|Windows-x64.ActiveCfg = Release|Windows-x64
		{598800A7-CEB4-4C0A-AC40-F934CB751447}.Release|Windows-x64.Build.0 = Release|Windows-x64
		{598800A7-CEB4-4C0A-AC40-F934CB751447}.Release|Windows-x64.Deploy.0 = Release|Windows-x64
		{598800A7-CEB4-4C0A-AC40-F934CB751447}.Release|Windows-x86.ActiveCfg = Release|Windows-x86
		{598800A7-CEB4-4C0A-AC40-F934CB751447}.Release|Windows-x86.Build.0 = Release|Windows-x86
		{598800A7-CEB4-4C0A-AC40-F934CB751447}.Release|Windows-x86.Deploy.0 = Release|Windows-x86
		{E7468214-DE09-4834-8761-ED1A362481DB}.Debug|Android.ActiveCfg = Debug|Android
		{E7468214-DE09-4834-8761-ED1A362481DB}.Debug|Android.Build.0 = Debug|Android
		{E7468214-DE09-4834-8761-ED1A362481DB}.Debug|Android.Deploy.0 = Debug|Android
		{E7468214-DE09-4834-8761-ED1A362481DB}.Debug|iOS.ActiveCfg = Debug|iOS
		{E7468214-DE09-4834-8761-ED1A362481DB}.Debug|iOS.Build.0 = Debug|iOS
		{E7468214-DE09-4834-8761-ED1A362481DB}.Debug|iOS.Deploy.0 = Debug|iOS
		{E7468214-DE09-4834-8761-ED1A362481DB}.Debug|Windows Phone (Universal).ActiveCfg = Debug|Windows Phone (Universal)
		{E7468214-DE09-4834-8761-ED1A362481DB}.Debug|Windows Phone (Universal).Build.0 = Debug|Windows Phone (Universal)
		{E7468214-DE09-4834-8761-ED1A362481DB}.Debug|Windows Phone (Universal).Deploy.0 = Debug|Windows Phone (Universal)
		{E7468214-DE09-4834-8761-ED1A362481DB}.Debug|Windows Phone 8.ActiveCfg = Debug|Windows Phone 8
		{E7468214-DE09-4834-8761-ED1A362481DB}.Debug|Windows Phone 8.Build.0 = Debug|Windows Phone 8
		{E7468214-DE09-4834-8761-ED1A362481DB}.Debug|Windows Phone 8.Deploy.0 = Debug|Windows Phone 8
		{E7468214-DE09-4834-8761-ED1A362481DB}.Debug|Windows-AnyCPU.ActiveCfg = Debug|Windows-AnyCPU
		{E7468214-DE09-4834-8761-ED1A362481DB}.Debug|Windows-AnyCPU.Build.0 = Debug|Windows-AnyCPU
		{E7468214-DE09-4834-8761-ED1A362481DB}.Debug|Windows-AnyCPU.Deploy.0 = Debug|Windows-AnyCPU
		{E7468214-DE09-4834-8761-ED1A362481DB}.Debug|Windows-ARM.ActiveCfg = Debug|Windows-ARM
		{E7468214-DE09-4834-8761-ED1A362481DB}.Debug|Windows-ARM.Build.0 = Debug|Windows-ARM
		{E7468214-DE09-4834-8761-ED1A362481DB}.Debug|Windows-ARM.Deploy.0 = Debug|Windows-ARM
		{E7468214-DE09-4834-8761-ED1A362481DB}.Debug|Windows-x64.ActiveCfg = Debug|Windows-x64
		{E7468214-DE09-4834-8761-ED1A362481DB}.Debug|Windows-x64.Build.0 = Debug|Windows-x64
		{E7468214-DE09-4834-8761-ED1A362481DB}.Debug|Windows-x64.Deploy.0 = Debug|Windows-x64
		{E7468214-DE09-4834-8761-ED1A362481DB}.Debug|Windows-x86.ActiveCfg = Debug|Windows-x86
		{E7468214-DE09-4834-8761-ED1A362481DB}.Debug|Windows-x86.Build.0 = Debug|Windows-x86
		{E7468214-DE09-4834-8761-ED1A362481DB}.Debug|Windows-x86.Deploy.0 = Debug|Windows-x86
		{E7468214-DE09-4834-8761-ED1A362481DB}.Release|Android.ActiveCfg = Release|Android
		{E7468214-DE09-4834-8761-ED1A362481DB}.Release|Android.Build.0 = Release|Android
		{E7468214-DE09-4834-8761-ED1A362481DB}.Release|Android.Deploy.0 = Release|Android
		{E7468214-DE09-4834-8761-ED1A362481DB}.Release|iOS.ActiveCfg = Release|iOS
		{E7468214-DE09-4834-8761-ED1A362481DB}.Release|iOS.Build.0 = Release|iOS
		{E7468214-DE09-4834-8761-ED1A362481DB}.Release|iOS.Deploy.0 = Release|iOS
		{E7468214-DE09-4834-8761-ED1A362481DB}.Release|Windows Phone (Universal).ActiveCfg = Release|Windows Phone (Universal)
		{E7468214-DE09-4834-8761-ED1A362481DB}.Release|Windows Phone (Universal).Build.0 = Release|Windows Phone (Universal)
		{E7468214-DE09-4834-8761-ED1A362481DB}.Release|Windows Phone (Universal).Deploy.0 = Release|Windows Phone (Universal)
		{E7468214-DE09-4834-8761-ED1A362481DB}.Release|Windows Phone 8.ActiveCfg = Release|Windows Phone 8
		{E7468214-DE09-4834-8761-ED1A362481DB}.Release|Windows Phone 8.Build.0 = Release|Windows Phone 8
		{E7468214-DE09-4834-8761-ED1A362481DB}.Release|Windows Phone 8.Deploy.0 = Release|Windows Phone 8
		{E7468214-DE09-4834-8761-ED1A362481DB}.Release|Windows-AnyCPU.ActiveCfg = Release|Windows-AnyCPU
		{E7468214-DE09-4834-8761-ED1A362481DB}.Release|Windows-AnyCPU.Build.0 = Release|Windows-AnyCPU
		{E7468214-DE09-4834-8761-ED1A362481DB}.Release|Windows-AnyCPU.Deploy.0 = Release|Windows-AnyCPU
		{E7468214-DE09-4834-8761-ED1A362481DB}.Release|Windows-ARM.ActiveCfg = Release|Windows-ARM
		{E7468214-DE09-4834-8761-ED1A362481DB}.Release|Windows-ARM.Build.0 = Release|Windows-ARM
		{E7468214-DE09-4834-8761-ED1A362481DB}.Release|Windows-ARM.Deploy.0 = Release|Windows-ARM
		{E7468214-DE09-4834-8761-ED1A362481DB}.Release|Windows-x64.ActiveCfg = Release|Windows-x64
		{E7468214-DE09-4834-8761-ED1A362481DB}.Release|Windows-x64.Build.0 = Release|Windows-x64
		{E7468214-DE09-4834-8761-ED1A362481DB}.Release|Windows-x64.Deploy.0 = Release|Windows-x64
		{E7468214-DE09-4834-8761-ED1A362481DB}.Release|Windows-x86.ActiveCfg = Release|Windows-x86
		{E7468214-DE09-4834-8761-ED1A362481DB}.Release|Windows-x86.Build.0 = Release|Windows-x86
		{E7468214-DE09-4834-8761-ED1A362481DB}.Release|Windows-x86.Deploy.0 = Release|Windows-x86
		{C2271CB5-C971-4DA9-AB2B-CB193FE9717D}.Debug|Android.ActiveCfg = Debug|Android
		{C2271CB5-C971-4DA9-AB2B-CB193FE9717D}.Debug|Android.Build.0 = Debug|Android
		{C2271CB5-C971-4DA9-AB2B-CB193FE9717D}.Debug|Android.Deploy.0 = Debug|Android
		{C2271CB5-C971-4DA9-AB2B-CB193FE9717D}.Debug|iOS.ActiveCfg = Debug|iOS
		{C2271CB5-C971-4DA9-AB2B-CB193FE9717D}.Debug|iOS.Build.0 = Debug|iOS
		{C2271CB5-C971-4DA9-AB2B-CB193FE9717D}.Debug|iOS.Deploy.0 = Debug|iOS
		{C2271CB5-C971-4DA9-AB2B-CB193FE9717D}.Debug|Windows Phone (Universal).ActiveCfg = Debug|Windows Phone (Universal)
		{C2271CB5-C971-4DA9-AB2B-CB193FE9717D}.Debug|Windows Phone (Universal).Build.0 = Debug|Windows Phone (Universal)
		{C2271CB5-C971-4DA9-AB2B-CB193FE9717D}.Debug|Windows Phone (Universal).Deploy.0 = Debug|Windows Phone (Universal)
		{C2271CB5-C971-4DA9-AB2B-CB193FE9717D}.Debug|Windows Phone 8.ActiveCfg = Debug|Windows Phone 8
		{C2271CB5-C971-4DA9-AB2B-CB193FE9717D}.Debug|Windows Phone 8.Build.0 = Debug|Windows Phone 8
		{C2271CB5-C971-4DA9-AB2B-CB193FE9717D}.Debug|Windows Phone 8.Deploy.0 = Debug|Windows Phone 8
		{C2271CB5-C971-4DA9-AB2B-CB193FE9717D}.Debug|Windows-AnyCPU.ActiveCfg = Debug|Windows-AnyCPU
		{C2271CB5-C971-4DA9-AB2B-CB193FE9717D}.Debug|Windows-AnyCPU.Build.0 = Debug|Windows-AnyCPU
		{C2271CB5-C971-4DA9-AB2B-CB193FE9717D}.Debug|Windows-AnyCPU.Deploy.0 = Debug|Windows-AnyCPU
		{C2271CB5-C971-4DA9-AB2B-CB193FE9717D}.Debug|Windows-ARM.ActiveCfg = Debug|Windows-ARM
		{C2271CB5-C971-4DA9-AB2B-CB193FE9717D}.Debug|Windows-ARM.Build.0 = Debug|Windows-ARM
		{C2271CB5-C971-4DA9-AB2B-CB193FE9717D}.Debug|Windows-ARM.Deploy.0 = Debug|Windows-ARM
		{C2271CB5-C971-4DA9-AB2B-CB193FE9717D}.Debug|Windows-x64.ActiveCfg = Debug|Windows-x64
		{C2271CB5-C971-4DA9-AB2B-CB193FE9717D}.Debug|Windows-x64.Build.0 = Debug|Windows-x64
		{C2271CB5-C971-4DA9-AB2B-CB193FE9717D}.Debug|Windows-x64.Deploy.0 = Debug|Windows-x64
		{C2271CB5-C971-4DA9-AB2B-CB193FE9717D}.Debug|Windows-x86.ActiveCfg = Debug|Windows-x86
		{C2271CB5-C971-4DA9-AB2B-CB193FE9717D}.Debug|Windows-x86.Build.0 = Debug|Windows-x86
		{C2271CB5-C971-4DA9-AB2B-CB193FE9717D}.Debug|Windows-x86.Deploy.0 = Debug|Windows-x86
		{C2271CB5-C971-4DA9-AB2B-CB193FE9717D}.Release|Android.ActiveCfg = Release|Android
		{C2271CB5-C971-4DA9-AB2B-CB193FE9717D}.Release|Android.Build.0 = Release|Android
		{C2271CB5-C971-4DA9-AB2B-CB193FE9717D}.Release|Android.Deploy.0 = Release|Android
		{C2271CB5-C971-4DA9-AB2B-CB193FE9717D}.Release|iOS.ActiveCfg = Release|iOS
		{C2271CB5-C971-4DA9-AB2B-CB193FE9717D}.Release|iOS.Build.0 = Release|iOS
		{C2271CB5-C971-4DA9-AB2B-CB193FE9717D}.Release|iOS.Deploy.0 = Release|iOS
		{C2271CB5-C971-4DA9-AB2B-CB193FE9717D}.Release|Windows Phone (Universal).ActiveCfg = Release|Windows Phone (Universal)
		{C2271CB5-C971-4DA9-AB2B-CB193FE9717D}.Release|Windows Phone (Universal).Build.0 = Release|Windows Phone (Universal)
		{C2271CB5-C971-4DA9-AB2B-CB193FE9717D}.Release|Windows Phone (Universal).Deploy.0 = Release|Windows Phone (Universal)
		{C2271CB5-C971-4DA9-AB2B-CB193FE9717D}.Release|Windows Phone 8.ActiveCfg = Release|Windows Phone 8
		{C2271CB5-C971-4DA9-AB2B-CB193FE9717D}.Release|Windows Phone 8.Build.0 = Release|Windows Phone 8
		{C2271CB5-C971-4DA9-AB2B-CB193FE9717D}.Release|Windows Phone 8.Deploy.0 = Release|Windows Phone 8
		{C2271CB5-C971-4DA9-AB2B-CB193FE9717D}.Release|Windows-AnyCPU.ActiveCfg = Release|Windows-AnyCPU
		{C2271CB5-C971-4DA9-AB2B-CB193FE9717D}.Release|Windows-AnyCPU.Build.0 = Release|Windows-AnyCPU
		{C2271CB5-C971-4DA9-AB2B-CB193FE9717D}.Release|Windows-AnyCPU.Deploy.0 = Release|Windows-AnyCPU
		{C2271CB5-C971-4DA9-AB2B-CB193FE9717D}.Release|Windows-ARM.ActiveCfg = Release|Windows-ARM
		{C2271CB5-C971-4DA9-AB2B-CB193FE9717D}.Release|Windows-ARM.Build.0 = Release|Windows-ARM
		{C2271CB5-C971-4DA9-AB2B-CB193FE9717D}.Release|Windows-ARM.Deploy.0 = Release|Windows-ARM
		{C2271CB5-C971-4DA9-AB2B-CB193FE9717D}.Release|Windows-x64.ActiveCfg = Release|Windows-x64
		{C2271CB5-C971-4DA9-AB2B-CB193FE9717D}.Release|Windows-x64.Build.0 = Release|Windows-x64
		{C2271CB5-C971-4DA9-AB2B-CB193FE9717D}.Release|Windows-x64.Deploy.0 = Release|Windows-x64
		{C2271CB5-C971-4DA9-AB2B-CB193FE9717D}.Release|Windows-x86.ActiveCfg = Release|Windows-x86
		{C2271CB5-C971-4DA9-AB2B-CB193FE9717D}.Release|Windows-x86.Build.0 = Release|Windows-x86
		{C2271CB5-C971-4DA9-AB2B-CB193FE9717D}.Release|Windows-x86.Deploy.0 = Release|Windows-x86
		{F88E7D19-DD6E-4A8C-8631-9F68AD92639E}.Debug|Android.ActiveCfg = Debug|Android
		{F88E7D19-DD6E-4A8C-8631-9F68AD92639E}.Debug|Android.Build.0 = Debug|Android
		{F88E7D19-DD6E-4A8C-8631-9F68AD92639E}.Debug|Android.Deploy.0 = Debug|Android
		{F88E7D19-DD6E-4A8C-8631-9F68AD92639E}.Debug|iOS.ActiveCfg = Debug|iOS
		{F88E7D19-DD6E-4A8C-8631-9F68AD92639E}.Debug|iOS.Build.0 = Debug|iOS
		{F88E7D19-DD6E-4A8C-8631-9F68AD92639E}.Debug|iOS.Deploy.0 = Debug|iOS
		{F88E7D19-DD6E-4A8C-8631-9F68AD92639E}.Debug|Windows Phone (Universal).ActiveCfg = Debug|Windows Phone (Universal)
		{F88E7D19-DD6E-4A8C-8631-9F68AD92639E}.Debug|Windows Phone (Universal).Build.0 = Debug|Windows Phone (Universal)
		{F88E7D19-DD6E-4A8C-8631-9F68AD92639E}.Debug|Windows Phone (Universal).Deploy.0 = Debug|Windows Phone (Universal)
		{F88E7D19-DD6E-4A8C-8631-9F68AD92639E}.Debug|Windows Phone 8.ActiveCfg = Debug|Windows Phone 8
		{F88E7D19-DD6E-4A8C-8631-9F68AD92639E}.Debug|Windows Phone 8.Build.0 = Debug|Windows Phone 8
		{F88E7D19-DD6E-4A8C-8631-9F68AD92639E}.Debug|Windows Phone 8.Deploy.0 = Debug|Windows Phone 8
		{F88E7D19-DD6E-4A8C-8631-9F68AD92639E}.Debug|Windows-AnyCPU.ActiveCfg = Debug|Windows-AnyCPU
		{F88E7D19-DD6E-4A8C-8631-9F68AD92639E}.Debug|Windows-AnyCPU.Build.0 = Debug|Windows-AnyCPU
		{F88E7D19-DD6E-4A8C-8631-9F68AD92639E}.Debug|Windows-AnyCPU.Deploy.0 = Debug|Windows-AnyCPU
		{F88E7D19-DD6E-4A8C-8631-9F68AD92639E}.Debug|Windows-ARM.ActiveCfg = Debug|Windows-ARM
		{F88E7D19-DD6E-4A8C-8631-9F68AD92639E}.Debug|Windows-ARM.Build.0 = Debug|Windows-ARM
		{F88E7D19-DD6E-4A8C-8631-9F68AD92639E}.Debug|Windows-ARM.Deploy.0 = Debug|Windows-ARM
		{F88E7D19-DD6E-4A8C-8631-9F68AD92639E}.Debug|Windows-x64.ActiveCfg = Debug|Windows-x64
		{F88E7D19-DD6E-4A8C-8631-9F68AD92639E}.Debug|Windows-x64.Build.0 = Debug|Windows-x64
		{F88E7D19-DD6E-4A8C-8631-9F68AD92639E}.Debug|Windows-x64.Deploy.0 = Debug|Windows-x64
		{F88E7D19-DD6E-4A8C-8631-9F68AD92639E}.Debug|Windows-x86.ActiveCfg = Debug|Windows-x86
		{F88E7D19-DD6E-4A8C-8631-9F68AD92639E}.Debug|Windows-x86.Build.0 = Debug|Windows-x86
		{F88E7D19-DD6E-4A8C-8631-9F68AD92639E}.Debug|Windows-x86.Deploy.0 = Debug|Windows-x86
		{F88E7D19-DD6E-4A8C-8631-9F68AD92639E}.Release|Android.ActiveCfg = Release|Android
		{F88E7D19-DD6E-4A8C-8631-9F68AD92639E}.Release|Android.Build.0 = Release|Android
		{F88E7D19-DD6E-4A8C-8631-9F68AD92639E}.Release|Android.Deploy.0 = Release|Android
		{F88E7D19-DD6E-4A8C-8631-9F68AD92639E}.Release|iOS.ActiveCfg = Release|iOS
		{F88E7D19-DD6E-4A8C-8631-9F68AD92639E}.Release|iOS.Build.0 = Release|iOS
		{F88E7D19-DD6E-4A8C-8631-9F68AD92639E}.Release|iOS.Deploy.0 = Release|iOS
		{F88E7D19-DD6E-4A8C-8631-9F68AD92639E}.Release|Windows Phone (Universal).ActiveCfg = Release|Windows Phone (Universal)
		{F88E7D19-DD6E-4A8C-8631-9F68AD92639E}.Release|Windows Phone (Universal).Build.0 = Release|Windows Phone (Universal)
		{F88E7D19-DD6E-4A8C-8631-9F68AD92639E}.Release|Windows Phone (Universal).Deploy.0 = Release|Windows Phone (Universal)
		{F88E7D19-DD6E-4A8C-8631-9F68AD92639E}.Release|Windows Phone 8.ActiveCfg = Release|Windows Phone 8
		{F88E7D19-DD6E-4A8C-8631-9F68AD92639E}.Release|Windows Phone 8.Build.0 = Release|Windows Phone 8
		{F88E7D19-DD6E-4A8C-8631-9F68AD92639E}.Release|Windows Phone 8.Deploy.0 = Release|Windows Phone 8
		{F88E7D19-DD6E-4A8C-8631-9F68AD92639E}.Release|Windows-AnyCPU.ActiveCfg = Release|Windows-AnyCPU
		{F88E7D19-DD6E-4A8C-8631-9F68AD92639E}.Release|Windows-AnyCPU.Build.0 = Release|Windows-AnyCPU
		{F88E7D19-DD6E-4A8C-8631-9F68AD92639E}.Release|Windows-AnyCPU.Deploy.0 = Release|Windows-AnyCPU
		{F88E7D19-DD6E-4A8C-8631-9F68AD92639E}.Release|Windows-ARM.ActiveCfg = Release|Windows-ARM
		{F88E7D19-DD6E-4A8C-8631-9F68AD92639E}.Release|Windows-ARM.Build.0 = Release|Windows-ARM
		{F88E7D19-DD6E-4A8C-8631-9F68AD92639E}.Release|Windows-ARM.Deploy.0 = Release|Windows-ARM
		{F88E7D19-DD6E-4A8C-8631-9F68AD92639E}.Release|Windows-x64.ActiveCfg = Release|Windows-x64
		{F88E7D19-DD6E-4A8C-8631-9F68AD92639E}.Release|Windows-x64.Build.0 = Release|Windows-x64
		{F88E7D19-DD6E-4A8C-8631-9F68AD92639E}.Release|Windows-x64.Deploy.0 = Release|Windows-x64
		{F88E7D19-DD6E-4A8C-8631-9F68AD92639E}.Release|Windows-x86.ActiveCfg = Release|Windows-x86
		{F88E7D19-DD6E-4A8C-8631-9F68AD92639E}.Release|Windows-x86.Build.0 = Release|Windows-x86
		{F88E7D19-DD6E-4A8C-8631-9F68AD92639E}.Release|Windows-x86.Deploy.0 = Release|Windows-x86
	EndGlobalSection
	GlobalSection(SolutionProperties) = preSolution
		HideSolutionNode = FALSE
	EndGlobalSection
EndGlobal
